// !$*UTF8*$!
{
	archiveVersion = 1;
	classes = {
	};
	objectVersion = 46;
	objects = {

/* Begin PBXBuildFile section */
		00B8BF5901C2D220357B0B2A /* Media.xcassets in Resources */ = {isa = PBXBuildFile; fileRef = 41DDB768A1D033A34F0EF9E0 /* Media.xcassets */; };
		064989461F5C99C7006E8BB3 /* Snapshot.swift in Sources */ = {isa = PBXBuildFile; fileRef = 064989451F5C99C7006E8BB3 /* Snapshot.swift */; };
		135F11CE20425AF600D655A3 /* PieChartTests.swift in Sources */ = {isa = PBXBuildFile; fileRef = 135F11CD20425AF600D655A3 /* PieChartTests.swift */; };
		224EFF991FBAAC4700CF9B3B /* EquatableTests.swift in Sources */ = {isa = PBXBuildFile; fileRef = 224EFF981FBAAC4700CF9B3B /* EquatableTests.swift */; };
		2BF85BEA981B359A65E9BF67 /* LineChartTests.swift in Sources */ = {isa = PBXBuildFile; fileRef = D2E1819D72CD7B6C4A4E8048 /* LineChartTests.swift */; };
		32DF8D4A287D541800E370AF /* DataApproximator.swift in Sources */ = {isa = PBXBuildFile; fileRef = 32DF8CB0287D541800E370AF /* DataApproximator.swift */; };
		32DF8D4B287D541800E370AF /* DataApproximator+N.swift in Sources */ = {isa = PBXBuildFile; fileRef = 32DF8CB1287D541800E370AF /* DataApproximator+N.swift */; };
		32DF8D4C287D541800E370AF /* RadarChartRenderer.swift in Sources */ = {isa = PBXBuildFile; fileRef = 32DF8CB3287D541800E370AF /* RadarChartRenderer.swift */; };
		32DF8D4D287D541800E370AF /* LegendRenderer.swift in Sources */ = {isa = PBXBuildFile; fileRef = 32DF8CB4287D541800E370AF /* LegendRenderer.swift */; };
		32DF8D4E287D541800E370AF /* YAxisRendererHorizontalBarChart.swift in Sources */ = {isa = PBXBuildFile; fileRef = 32DF8CB5287D541800E370AF /* YAxisRendererHorizontalBarChart.swift */; };
		32DF8D4F287D541800E370AF /* BubbleChartRenderer.swift in Sources */ = {isa = PBXBuildFile; fileRef = 32DF8CB6287D541800E370AF /* BubbleChartRenderer.swift */; };
		32DF8D50287D541800E370AF /* LineChartRenderer.swift in Sources */ = {isa = PBXBuildFile; fileRef = 32DF8CB7287D541800E370AF /* LineChartRenderer.swift */; };
		32DF8D51287D541800E370AF /* AxisRendererBase.swift in Sources */ = {isa = PBXBuildFile; fileRef = 32DF8CB8287D541800E370AF /* AxisRendererBase.swift */; };
		32DF8D52287D541800E370AF /* ChartDataRendererBase.swift in Sources */ = {isa = PBXBuildFile; fileRef = 32DF8CB9287D541800E370AF /* ChartDataRendererBase.swift */; };
		32DF8D53287D541800E370AF /* YAxisRenderer.swift in Sources */ = {isa = PBXBuildFile; fileRef = 32DF8CBA287D541800E370AF /* YAxisRenderer.swift */; };
		32DF8D54287D541800E370AF /* ScatterChartRenderer.swift in Sources */ = {isa = PBXBuildFile; fileRef = 32DF8CBB287D541800E370AF /* ScatterChartRenderer.swift */; };
		32DF8D55287D541800E370AF /* CombinedChartRenderer.swift in Sources */ = {isa = PBXBuildFile; fileRef = 32DF8CBC287D541800E370AF /* CombinedChartRenderer.swift */; };
		32DF8D56287D541800E370AF /* CandleStickChartRenderer.swift in Sources */ = {isa = PBXBuildFile; fileRef = 32DF8CBD287D541800E370AF /* CandleStickChartRenderer.swift */; };
		32DF8D57287D541800E370AF /* BarChartRenderer.swift in Sources */ = {isa = PBXBuildFile; fileRef = 32DF8CBE287D541800E370AF /* BarChartRenderer.swift */; };
		32DF8D58287D541800E370AF /* XAxisRenderer.swift in Sources */ = {isa = PBXBuildFile; fileRef = 32DF8CBF287D541800E370AF /* XAxisRenderer.swift */; };
		32DF8D59287D541800E370AF /* LineRadarRenderer.swift in Sources */ = {isa = PBXBuildFile; fileRef = 32DF8CC0287D541800E370AF /* LineRadarRenderer.swift */; };
		32DF8D5A287D541800E370AF /* BarLineScatterCandleBubbleRenderer.swift in Sources */ = {isa = PBXBuildFile; fileRef = 32DF8CC1287D541800E370AF /* BarLineScatterCandleBubbleRenderer.swift */; };
		32DF8D5B287D541800E370AF /* XShapeRenderer.swift in Sources */ = {isa = PBXBuildFile; fileRef = 32DF8CC3287D541800E370AF /* XShapeRenderer.swift */; };
		32DF8D5C287D541800E370AF /* SquareShapeRenderer.swift in Sources */ = {isa = PBXBuildFile; fileRef = 32DF8CC4287D541800E370AF /* SquareShapeRenderer.swift */; };
		32DF8D5D287D541800E370AF /* ChevronDownShapeRenderer.swift in Sources */ = {isa = PBXBuildFile; fileRef = 32DF8CC5287D541800E370AF /* ChevronDownShapeRenderer.swift */; };
		32DF8D5E287D541800E370AF /* IShapeRenderer.swift in Sources */ = {isa = PBXBuildFile; fileRef = 32DF8CC6287D541800E370AF /* IShapeRenderer.swift */; };
		32DF8D5F287D541800E370AF /* CircleShapeRenderer.swift in Sources */ = {isa = PBXBuildFile; fileRef = 32DF8CC7287D541800E370AF /* CircleShapeRenderer.swift */; };
		32DF8D60287D541800E370AF /* CrossShapeRenderer.swift in Sources */ = {isa = PBXBuildFile; fileRef = 32DF8CC8287D541800E370AF /* CrossShapeRenderer.swift */; };
		32DF8D61287D541800E370AF /* TriangleShapeRenderer.swift in Sources */ = {isa = PBXBuildFile; fileRef = 32DF8CC9287D541800E370AF /* TriangleShapeRenderer.swift */; };
		32DF8D62287D541900E370AF /* ChevronUpShapeRenderer.swift in Sources */ = {isa = PBXBuildFile; fileRef = 32DF8CCA287D541800E370AF /* ChevronUpShapeRenderer.swift */; };
		32DF8D63287D541900E370AF /* XAxisRendererHorizontalBarChart.swift in Sources */ = {isa = PBXBuildFile; fileRef = 32DF8CCB287D541800E370AF /* XAxisRendererHorizontalBarChart.swift */; };
		32DF8D64287D541900E370AF /* HorizontalBarChartRenderer.swift in Sources */ = {isa = PBXBuildFile; fileRef = 32DF8CCC287D541800E370AF /* HorizontalBarChartRenderer.swift */; };
		32DF8D65287D541900E370AF /* XAxisRendererRadarChart.swift in Sources */ = {isa = PBXBuildFile; fileRef = 32DF8CCD287D541800E370AF /* XAxisRendererRadarChart.swift */; };
		32DF8D66287D541900E370AF /* YAxisRendererRadarChart.swift in Sources */ = {isa = PBXBuildFile; fileRef = 32DF8CCE287D541800E370AF /* YAxisRendererRadarChart.swift */; };
		32DF8D67287D541900E370AF /* PieChartRenderer.swift in Sources */ = {isa = PBXBuildFile; fileRef = 32DF8CCF287D541800E370AF /* PieChartRenderer.swift */; };
		32DF8D68287D541900E370AF /* Renderer.swift in Sources */ = {isa = PBXBuildFile; fileRef = 32DF8CD0287D541800E370AF /* Renderer.swift */; };
		32DF8D69287D541900E370AF /* LineScatterCandleRadarRenderer.swift in Sources */ = {isa = PBXBuildFile; fileRef = 32DF8CD1287D541800E370AF /* LineScatterCandleRadarRenderer.swift */; };
		32DF8D6A287D541900E370AF /* BarHighlighter.swift in Sources */ = {isa = PBXBuildFile; fileRef = 32DF8CD3287D541800E370AF /* BarHighlighter.swift */; };
		32DF8D6B287D541900E370AF /* RadarHighlighter.swift in Sources */ = {isa = PBXBuildFile; fileRef = 32DF8CD4287D541800E370AF /* RadarHighlighter.swift */; };
		32DF8D6C287D541900E370AF /* Highlight.swift in Sources */ = {isa = PBXBuildFile; fileRef = 32DF8CD5287D541800E370AF /* Highlight.swift */; };
		32DF8D6D287D541900E370AF /* PieHighlighter.swift in Sources */ = {isa = PBXBuildFile; fileRef = 32DF8CD6287D541800E370AF /* PieHighlighter.swift */; };
		32DF8D6E287D541900E370AF /* HorizontalBarHighlighter.swift in Sources */ = {isa = PBXBuildFile; fileRef = 32DF8CD7287D541800E370AF /* HorizontalBarHighlighter.swift */; };
		32DF8D6F287D541900E370AF /* PieRadarHighlighter.swift in Sources */ = {isa = PBXBuildFile; fileRef = 32DF8CD8287D541800E370AF /* PieRadarHighlighter.swift */; };
		32DF8D70287D541900E370AF /* Range.swift in Sources */ = {isa = PBXBuildFile; fileRef = 32DF8CD9287D541800E370AF /* Range.swift */; };
		32DF8D71287D541900E370AF /* ChartHighlighter.swift in Sources */ = {isa = PBXBuildFile; fileRef = 32DF8CDA287D541800E370AF /* ChartHighlighter.swift */; };
		32DF8D72287D541900E370AF /* IHighlighter.swift in Sources */ = {isa = PBXBuildFile; fileRef = 32DF8CDB287D541800E370AF /* IHighlighter.swift */; };
		32DF8D73287D541900E370AF /* CombinedHighlighter.swift in Sources */ = {isa = PBXBuildFile; fileRef = 32DF8CDC287D541800E370AF /* CombinedHighlighter.swift */; };
		32DF8D74287D541900E370AF /* CandleStickChartView.swift in Sources */ = {isa = PBXBuildFile; fileRef = 32DF8CDE287D541800E370AF /* CandleStickChartView.swift */; };
		32DF8D75287D541900E370AF /* RadarChartView.swift in Sources */ = {isa = PBXBuildFile; fileRef = 32DF8CDF287D541800E370AF /* RadarChartView.swift */; };
		32DF8D76287D541900E370AF /* BarLineChartViewBase.swift in Sources */ = {isa = PBXBuildFile; fileRef = 32DF8CE0287D541800E370AF /* BarLineChartViewBase.swift */; };
		32DF8D77287D541900E370AF /* LineChartView.swift in Sources */ = {isa = PBXBuildFile; fileRef = 32DF8CE1287D541800E370AF /* LineChartView.swift */; };
		32DF8D78287D541900E370AF /* CombinedChartView.swift in Sources */ = {isa = PBXBuildFile; fileRef = 32DF8CE2287D541800E370AF /* CombinedChartView.swift */; };
		32DF8D79287D541900E370AF /* HorizontalBarChartView.swift in Sources */ = {isa = PBXBuildFile; fileRef = 32DF8CE3287D541800E370AF /* HorizontalBarChartView.swift */; };
		32DF8D7A287D541900E370AF /* ChartViewBase.swift in Sources */ = {isa = PBXBuildFile; fileRef = 32DF8CE4287D541800E370AF /* ChartViewBase.swift */; };
		32DF8D7B287D541900E370AF /* BubbleChartView.swift in Sources */ = {isa = PBXBuildFile; fileRef = 32DF8CE5287D541800E370AF /* BubbleChartView.swift */; };
		32DF8D7C287D541900E370AF /* PieRadarChartViewBase.swift in Sources */ = {isa = PBXBuildFile; fileRef = 32DF8CE6287D541800E370AF /* PieRadarChartViewBase.swift */; };
		32DF8D7D287D541900E370AF /* BarChartView.swift in Sources */ = {isa = PBXBuildFile; fileRef = 32DF8CE7287D541800E370AF /* BarChartView.swift */; };
		32DF8D7E287D541900E370AF /* ScatterChartView.swift in Sources */ = {isa = PBXBuildFile; fileRef = 32DF8CE8287D541800E370AF /* ScatterChartView.swift */; };
		32DF8D7F287D541900E370AF /* PieChartView.swift in Sources */ = {isa = PBXBuildFile; fileRef = 32DF8CE9287D541800E370AF /* PieChartView.swift */; };
		32DF8D80287D541900E370AF /* ChartAnimationEasing.swift in Sources */ = {isa = PBXBuildFile; fileRef = 32DF8CEB287D541800E370AF /* ChartAnimationEasing.swift */; };
		32DF8D81287D541900E370AF /* Animator.swift in Sources */ = {isa = PBXBuildFile; fileRef = 32DF8CEC287D541800E370AF /* Animator.swift */; };
		32DF8D82287D541900E370AF /* IAxisValueFormatter.swift in Sources */ = {isa = PBXBuildFile; fileRef = 32DF8CEE287D541800E370AF /* IAxisValueFormatter.swift */; };
		32DF8D83287D541900E370AF /* DefaultFillFormatter.swift in Sources */ = {isa = PBXBuildFile; fileRef = 32DF8CEF287D541800E370AF /* DefaultFillFormatter.swift */; };
		32DF8D84287D541900E370AF /* DefaultValueFormatter.swift in Sources */ = {isa = PBXBuildFile; fileRef = 32DF8CF0287D541800E370AF /* DefaultValueFormatter.swift */; };
		32DF8D85287D541900E370AF /* DefaultAxisValueFormatter.swift in Sources */ = {isa = PBXBuildFile; fileRef = 32DF8CF1287D541800E370AF /* DefaultAxisValueFormatter.swift */; };
		32DF8D86287D541900E370AF /* IndexAxisValueFormatter.swift in Sources */ = {isa = PBXBuildFile; fileRef = 32DF8CF2287D541800E370AF /* IndexAxisValueFormatter.swift */; };
		32DF8D87287D541900E370AF /* IFillFormatter.swift in Sources */ = {isa = PBXBuildFile; fileRef = 32DF8CF3287D541800E370AF /* IFillFormatter.swift */; };
		32DF8D88287D541900E370AF /* IValueFormatter.swift in Sources */ = {isa = PBXBuildFile; fileRef = 32DF8CF4287D541800E370AF /* IValueFormatter.swift */; };
		32DF8D89287D541900E370AF /* Fill.swift in Sources */ = {isa = PBXBuildFile; fileRef = 32DF8CF6287D541800E370AF /* Fill.swift */; };
		32DF8D8A287D541900E370AF /* Transformer.swift in Sources */ = {isa = PBXBuildFile; fileRef = 32DF8CF7287D541800E370AF /* Transformer.swift */; };
		32DF8D8B287D541900E370AF /* Platform+Touch Handling.swift in Sources */ = {isa = PBXBuildFile; fileRef = 32DF8CF8287D541800E370AF /* Platform+Touch Handling.swift */; };
		32DF8D8C287D541900E370AF /* ViewPortHandler.swift in Sources */ = {isa = PBXBuildFile; fileRef = 32DF8CF9287D541800E370AF /* ViewPortHandler.swift */; };
		32DF8D8D287D541900E370AF /* Platform+Gestures.swift in Sources */ = {isa = PBXBuildFile; fileRef = 32DF8CFA287D541800E370AF /* Platform+Gestures.swift */; };
		32DF8D8E287D541900E370AF /* Platform+Graphics.swift in Sources */ = {isa = PBXBuildFile; fileRef = 32DF8CFB287D541800E370AF /* Platform+Graphics.swift */; };
		32DF8D8F287D541900E370AF /* Platform+Accessibility.swift in Sources */ = {isa = PBXBuildFile; fileRef = 32DF8CFC287D541800E370AF /* Platform+Accessibility.swift */; };
		32DF8D90287D541900E370AF /* Platform.swift in Sources */ = {isa = PBXBuildFile; fileRef = 32DF8CFD287D541800E370AF /* Platform.swift */; };
		32DF8D91287D541900E370AF /* ChartColorTemplates.swift in Sources */ = {isa = PBXBuildFile; fileRef = 32DF8CFE287D541800E370AF /* ChartColorTemplates.swift */; };
		32DF8D92287D541900E370AF /* TransformerHorizontalBarChart.swift in Sources */ = {isa = PBXBuildFile; fileRef = 32DF8CFF287D541800E370AF /* TransformerHorizontalBarChart.swift */; };
		32DF8D93287D541900E370AF /* Platform+Color.swift in Sources */ = {isa = PBXBuildFile; fileRef = 32DF8D00287D541800E370AF /* Platform+Color.swift */; };
		32DF8D94287D541900E370AF /* ChartUtils.swift in Sources */ = {isa = PBXBuildFile; fileRef = 32DF8D01287D541800E370AF /* ChartUtils.swift */; };
		32DF8D95287D541900E370AF /* Description.swift in Sources */ = {isa = PBXBuildFile; fileRef = 32DF8D03287D541800E370AF /* Description.swift */; };
		32DF8D96287D541900E370AF /* IMarker.swift in Sources */ = {isa = PBXBuildFile; fileRef = 32DF8D04287D541800E370AF /* IMarker.swift */; };
		32DF8D97287D541900E370AF /* MarkerImage.swift in Sources */ = {isa = PBXBuildFile; fileRef = 32DF8D05287D541800E370AF /* MarkerImage.swift */; };
		32DF8D98287D541900E370AF /* Legend.swift in Sources */ = {isa = PBXBuildFile; fileRef = 32DF8D06287D541800E370AF /* Legend.swift */; };
		32DF8D99287D541900E370AF /* LegendEntry.swift in Sources */ = {isa = PBXBuildFile; fileRef = 32DF8D07287D541800E370AF /* LegendEntry.swift */; };
		32DF8D9A287D541900E370AF /* YAxis.swift in Sources */ = {isa = PBXBuildFile; fileRef = 32DF8D08287D541800E370AF /* YAxis.swift */; };
		32DF8D9B287D541900E370AF /* AxisBase.swift in Sources */ = {isa = PBXBuildFile; fileRef = 32DF8D09287D541800E370AF /* AxisBase.swift */; };
		32DF8D9C287D541900E370AF /* XAxis.swift in Sources */ = {isa = PBXBuildFile; fileRef = 32DF8D0A287D541800E370AF /* XAxis.swift */; };
		32DF8D9D287D541900E370AF /* ChartLimitLine.swift in Sources */ = {isa = PBXBuildFile; fileRef = 32DF8D0B287D541800E370AF /* ChartLimitLine.swift */; };
		32DF8D9E287D541900E370AF /* MarkerView.swift in Sources */ = {isa = PBXBuildFile; fileRef = 32DF8D0C287D541800E370AF /* MarkerView.swift */; };
		32DF8D9F287D541900E370AF /* ComponentBase.swift in Sources */ = {isa = PBXBuildFile; fileRef = 32DF8D0D287D541800E370AF /* ComponentBase.swift */; };
		32DF8DA0287D541900E370AF /* AnimatedZoomViewJob.swift in Sources */ = {isa = PBXBuildFile; fileRef = 32DF8D0F287D541800E370AF /* AnimatedZoomViewJob.swift */; };
		32DF8DA1287D541900E370AF /* ViewPortJob.swift in Sources */ = {isa = PBXBuildFile; fileRef = 32DF8D10287D541800E370AF /* ViewPortJob.swift */; };
		32DF8DA2287D541900E370AF /* MoveViewJob.swift in Sources */ = {isa = PBXBuildFile; fileRef = 32DF8D11287D541800E370AF /* MoveViewJob.swift */; };
		32DF8DA3287D541900E370AF /* ZoomViewJob.swift in Sources */ = {isa = PBXBuildFile; fileRef = 32DF8D12287D541800E370AF /* ZoomViewJob.swift */; };
		32DF8DA4287D541900E370AF /* AnimatedViewPortJob.swift in Sources */ = {isa = PBXBuildFile; fileRef = 32DF8D13287D541800E370AF /* AnimatedViewPortJob.swift */; };
		32DF8DA5287D541900E370AF /* AnimatedMoveViewJob.swift in Sources */ = {isa = PBXBuildFile; fileRef = 32DF8D14287D541800E370AF /* AnimatedMoveViewJob.swift */; };
		32DF8DA6287D541900E370AF /* ChartData.swift in Sources */ = {isa = PBXBuildFile; fileRef = 32DF8D18287D541800E370AF /* ChartData.swift */; };
		32DF8DA7287D541900E370AF /* BarChartDataEntry.swift in Sources */ = {isa = PBXBuildFile; fileRef = 32DF8D19287D541800E370AF /* BarChartDataEntry.swift */; };
		32DF8DA8287D541900E370AF /* BarChartDataSet.swift in Sources */ = {isa = PBXBuildFile; fileRef = 32DF8D1A287D541800E370AF /* BarChartDataSet.swift */; };
		32DF8DA9287D541900E370AF /* RadarChartDataEntry.swift in Sources */ = {isa = PBXBuildFile; fileRef = 32DF8D1B287D541800E370AF /* RadarChartDataEntry.swift */; };
		32DF8DAA287D541900E370AF /* BarLineScatterCandleBubbleChartDataSet.swift in Sources */ = {isa = PBXBuildFile; fileRef = 32DF8D1C287D541800E370AF /* BarLineScatterCandleBubbleChartDataSet.swift */; };
		32DF8DAB287D541900E370AF /* PieChartDataEntry.swift in Sources */ = {isa = PBXBuildFile; fileRef = 32DF8D1D287D541800E370AF /* PieChartDataEntry.swift */; };
		32DF8DAC287D541900E370AF /* CandleChartDataEntry.swift in Sources */ = {isa = PBXBuildFile; fileRef = 32DF8D1E287D541800E370AF /* CandleChartDataEntry.swift */; };
		32DF8DAD287D541900E370AF /* CombinedChartData.swift in Sources */ = {isa = PBXBuildFile; fileRef = 32DF8D1F287D541800E370AF /* CombinedChartData.swift */; };
		32DF8DAE287D541900E370AF /* LineChartData.swift in Sources */ = {isa = PBXBuildFile; fileRef = 32DF8D20287D541800E370AF /* LineChartData.swift */; };
		32DF8DAF287D541900E370AF /* RadarChartData.swift in Sources */ = {isa = PBXBuildFile; fileRef = 32DF8D21287D541800E370AF /* RadarChartData.swift */; };
		32DF8DB0287D541900E370AF /* CandleChartDataSet.swift in Sources */ = {isa = PBXBuildFile; fileRef = 32DF8D22287D541800E370AF /* CandleChartDataSet.swift */; };
		32DF8DB1287D541900E370AF /* LineRadarChartDataSet.swift in Sources */ = {isa = PBXBuildFile; fileRef = 32DF8D23287D541800E370AF /* LineRadarChartDataSet.swift */; };
		32DF8DB2287D541900E370AF /* BarLineScatterCandleBubbleChartData.swift in Sources */ = {isa = PBXBuildFile; fileRef = 32DF8D24287D541800E370AF /* BarLineScatterCandleBubbleChartData.swift */; };
		32DF8DB3287D541900E370AF /* BubbleChartDataEntry.swift in Sources */ = {isa = PBXBuildFile; fileRef = 32DF8D25287D541800E370AF /* BubbleChartDataEntry.swift */; };
		32DF8DB4287D541900E370AF /* ChartDataEntryBase.swift in Sources */ = {isa = PBXBuildFile; fileRef = 32DF8D26287D541800E370AF /* ChartDataEntryBase.swift */; };
		32DF8DB5287D541900E370AF /* ChartDataEntry.swift in Sources */ = {isa = PBXBuildFile; fileRef = 32DF8D27287D541800E370AF /* ChartDataEntry.swift */; };
		32DF8DB6287D541900E370AF /* PieChartDataSet.swift in Sources */ = {isa = PBXBuildFile; fileRef = 32DF8D28287D541800E370AF /* PieChartDataSet.swift */; };
		32DF8DB7287D541900E370AF /* BubbleChartData.swift in Sources */ = {isa = PBXBuildFile; fileRef = 32DF8D29287D541800E370AF /* BubbleChartData.swift */; };
		32DF8DB8287D541900E370AF /* ChartDataSet.swift in Sources */ = {isa = PBXBuildFile; fileRef = 32DF8D2A287D541800E370AF /* ChartDataSet.swift */; };
		32DF8DB9287D541900E370AF /* ScatterChartDataSet.swift in Sources */ = {isa = PBXBuildFile; fileRef = 32DF8D2B287D541800E370AF /* ScatterChartDataSet.swift */; };
		32DF8DBA287D541900E370AF /* ScatterChartData.swift in Sources */ = {isa = PBXBuildFile; fileRef = 32DF8D2C287D541800E370AF /* ScatterChartData.swift */; };
		32DF8DBB287D541900E370AF /* PieChartData.swift in Sources */ = {isa = PBXBuildFile; fileRef = 32DF8D2D287D541800E370AF /* PieChartData.swift */; };
		32DF8DBC287D541900E370AF /* CandleChartData.swift in Sources */ = {isa = PBXBuildFile; fileRef = 32DF8D2E287D541800E370AF /* CandleChartData.swift */; };
		32DF8DBD287D541900E370AF /* LineChartDataSet.swift in Sources */ = {isa = PBXBuildFile; fileRef = 32DF8D2F287D541800E370AF /* LineChartDataSet.swift */; };
		32DF8DBE287D541900E370AF /* BubbleChartDataSet.swift in Sources */ = {isa = PBXBuildFile; fileRef = 32DF8D30287D541800E370AF /* BubbleChartDataSet.swift */; };
		32DF8DBF287D541900E370AF /* RadarChartDataSet.swift in Sources */ = {isa = PBXBuildFile; fileRef = 32DF8D31287D541800E370AF /* RadarChartDataSet.swift */; };
		32DF8DC0287D541900E370AF /* BarChartData.swift in Sources */ = {isa = PBXBuildFile; fileRef = 32DF8D32287D541800E370AF /* BarChartData.swift */; };
		32DF8DC1287D541900E370AF /* LineScatterCandleRadarChartDataSet.swift in Sources */ = {isa = PBXBuildFile; fileRef = 32DF8D33287D541800E370AF /* LineScatterCandleRadarChartDataSet.swift */; };
		32DF8DC2287D541900E370AF /* ChartBaseDataSet.swift in Sources */ = {isa = PBXBuildFile; fileRef = 32DF8D34287D541800E370AF /* ChartBaseDataSet.swift */; };
		32DF8DC3287D541900E370AF /* IPieChartDataSet.swift in Sources */ = {isa = PBXBuildFile; fileRef = 32DF8D36287D541800E370AF /* IPieChartDataSet.swift */; };
		32DF8DC4287D541900E370AF /* IScatterChartDataSet.swift in Sources */ = {isa = PBXBuildFile; fileRef = 32DF8D37287D541800E370AF /* IScatterChartDataSet.swift */; };
		32DF8DC5287D541900E370AF /* ILineChartDataSet.swift in Sources */ = {isa = PBXBuildFile; fileRef = 32DF8D38287D541800E370AF /* ILineChartDataSet.swift */; };
		32DF8DC6287D541900E370AF /* IRadarChartDataSet.swift in Sources */ = {isa = PBXBuildFile; fileRef = 32DF8D39287D541800E370AF /* IRadarChartDataSet.swift */; };
		32DF8DC7287D541900E370AF /* IBarChartDataSet.swift in Sources */ = {isa = PBXBuildFile; fileRef = 32DF8D3A287D541800E370AF /* IBarChartDataSet.swift */; };
		32DF8DC8287D541900E370AF /* ILineRadarChartDataSet.swift in Sources */ = {isa = PBXBuildFile; fileRef = 32DF8D3B287D541800E370AF /* ILineRadarChartDataSet.swift */; };
		32DF8DC9287D541900E370AF /* IChartDataSet.swift in Sources */ = {isa = PBXBuildFile; fileRef = 32DF8D3C287D541800E370AF /* IChartDataSet.swift */; };
		32DF8DCA287D541900E370AF /* ICandleChartDataSet.swift in Sources */ = {isa = PBXBuildFile; fileRef = 32DF8D3D287D541800E370AF /* ICandleChartDataSet.swift */; };
		32DF8DCB287D541900E370AF /* ILineScatterCandleRadarChartDataSet.swift in Sources */ = {isa = PBXBuildFile; fileRef = 32DF8D3E287D541800E370AF /* ILineScatterCandleRadarChartDataSet.swift */; };
		32DF8DCC287D541900E370AF /* IBubbleChartDataSet.swift in Sources */ = {isa = PBXBuildFile; fileRef = 32DF8D3F287D541800E370AF /* IBubbleChartDataSet.swift */; };
		32DF8DCD287D541900E370AF /* IBarLineScatterCandleBubbleChartDataSet.swift in Sources */ = {isa = PBXBuildFile; fileRef = 32DF8D40287D541800E370AF /* IBarLineScatterCandleBubbleChartDataSet.swift */; };
		32DF8DCE287D541900E370AF /* BarChartDataProvider.swift in Sources */ = {isa = PBXBuildFile; fileRef = 32DF8D42287D541800E370AF /* BarChartDataProvider.swift */; };
		32DF8DCF287D541900E370AF /* ChartDataProvider.swift in Sources */ = {isa = PBXBuildFile; fileRef = 32DF8D43287D541800E370AF /* ChartDataProvider.swift */; };
		32DF8DD0287D541900E370AF /* CandleChartDataProvider.swift in Sources */ = {isa = PBXBuildFile; fileRef = 32DF8D44287D541800E370AF /* CandleChartDataProvider.swift */; };
		32DF8DD1287D541900E370AF /* CombinedChartDataProvider.swift in Sources */ = {isa = PBXBuildFile; fileRef = 32DF8D45287D541800E370AF /* CombinedChartDataProvider.swift */; };
		32DF8DD2287D541900E370AF /* LineChartDataProvider.swift in Sources */ = {isa = PBXBuildFile; fileRef = 32DF8D46287D541800E370AF /* LineChartDataProvider.swift */; };
		32DF8DD3287D541900E370AF /* BarLineScatterCandleBubbleChartDataProvider.swift in Sources */ = {isa = PBXBuildFile; fileRef = 32DF8D47287D541800E370AF /* BarLineScatterCandleBubbleChartDataProvider.swift */; };
		32DF8DD4287D541900E370AF /* ScatterChartDataProvider.swift in Sources */ = {isa = PBXBuildFile; fileRef = 32DF8D48287D541800E370AF /* ScatterChartDataProvider.swift */; };
		32DF8DD5287D541900E370AF /* BubbleChartDataProvider.swift in Sources */ = {isa = PBXBuildFile; fileRef = 32DF8D49287D541800E370AF /* BubbleChartDataProvider.swift */; };
		3B11556EB7DC034E2FC958E4 /* BarChartTests.swift in Sources */ = {isa = PBXBuildFile; fileRef = 5C3F5E1A69EC06E86505F7B1 /* BarChartTests.swift */; };
		8E1192F7A7152E9DA92C56A9 /* ChartUtilsTests.swift in Sources */ = {isa = PBXBuildFile; fileRef = 7AB9062A28AAB9469752A954 /* ChartUtilsTests.swift */; };
		B66817462241E3CC00017CF1 /* HorizontalBarChartTests.swift in Sources */ = {isa = PBXBuildFile; fileRef = B66817452241E3CC00017CF1 /* HorizontalBarChartTests.swift */; };
		B6BF9A561F91993A00E62A5D /* CombinedChartTests.swift in Sources */ = {isa = PBXBuildFile; fileRef = B6BF9A551F91993A00E62A5D /* CombinedChartTests.swift */; };
		BEFD9518F3A74ACF8FA33308 /* Charts.h in Headers */ = {isa = PBXBuildFile; fileRef = 4F9922F0641F7955DC6CD324 /* Charts.h */; settings = {ATTRIBUTES = (Public, ); }; };
		C03E6D8123DAAB2600083010 /* ChartDataTests.swift in Sources */ = {isa = PBXBuildFile; fileRef = C03E6D8023DAAB2600083010 /* ChartDataTests.swift */; };
		C7B150D740255670DEB9F455 /* Charts.framework in Frameworks */ = {isa = PBXBuildFile; fileRef = 65AD9E95D9ED4DC0BD73A743 /* Charts.framework */; };
/* End PBXBuildFile section */

/* Begin PBXContainerItemProxy section */
		C2005F425A98942473657ED2 /* PBXContainerItemProxy */ = {
			isa = PBXContainerItemProxy;
			containerPortal = 193FC8DF32D250560C5F5D77 /* Project object */;
			proxyType = 1;
			remoteGlobalIDString = A58A4ED274A941CA248EA921;
			remoteInfo = Charts;
		};
/* End PBXContainerItemProxy section */

/* Begin PBXFileReference section */
		064989451F5C99C7006E8BB3 /* Snapshot.swift */ = {isa = PBXFileReference; lastKnownFileType = sourcecode.swift; name = Snapshot.swift; path = Tests/Charts/Snapshot.swift; sourceTree = "<group>"; };
		135F11CD20425AF600D655A3 /* PieChartTests.swift */ = {isa = PBXFileReference; lastKnownFileType = sourcecode.swift; name = PieChartTests.swift; path = Tests/Charts/PieChartTests.swift; sourceTree = "<group>"; };
		1CBBC58C6CE1EBEE9852CE41 /* ChartsTests.xctest */ = {isa = PBXFileReference; explicitFileType = wrapper.cfbundle; includeInIndex = 0; path = ChartsTests.xctest; sourceTree = BUILT_PRODUCTS_DIR; };
		224EFF981FBAAC4700CF9B3B /* EquatableTests.swift */ = {isa = PBXFileReference; lastKnownFileType = sourcecode.swift; name = EquatableTests.swift; path = Tests/Charts/EquatableTests.swift; sourceTree = "<group>"; };
		32DF8CB0287D541800E370AF /* DataApproximator.swift */ = {isa = PBXFileReference; fileEncoding = 4; lastKnownFileType = sourcecode.swift; path = DataApproximator.swift; sourceTree = "<group>"; };
		32DF8CB1287D541800E370AF /* DataApproximator+N.swift */ = {isa = PBXFileReference; fileEncoding = 4; lastKnownFileType = sourcecode.swift; path = "DataApproximator+N.swift"; sourceTree = "<group>"; };
		32DF8CB3287D541800E370AF /* RadarChartRenderer.swift */ = {isa = PBXFileReference; fileEncoding = 4; lastKnownFileType = sourcecode.swift; path = RadarChartRenderer.swift; sourceTree = "<group>"; };
		32DF8CB4287D541800E370AF /* LegendRenderer.swift */ = {isa = PBXFileReference; fileEncoding = 4; lastKnownFileType = sourcecode.swift; path = LegendRenderer.swift; sourceTree = "<group>"; };
		32DF8CB5287D541800E370AF /* YAxisRendererHorizontalBarChart.swift */ = {isa = PBXFileReference; fileEncoding = 4; lastKnownFileType = sourcecode.swift; path = YAxisRendererHorizontalBarChart.swift; sourceTree = "<group>"; };
		32DF8CB6287D541800E370AF /* BubbleChartRenderer.swift */ = {isa = PBXFileReference; fileEncoding = 4; lastKnownFileType = sourcecode.swift; path = BubbleChartRenderer.swift; sourceTree = "<group>"; };
		32DF8CB7287D541800E370AF /* LineChartRenderer.swift */ = {isa = PBXFileReference; fileEncoding = 4; lastKnownFileType = sourcecode.swift; path = LineChartRenderer.swift; sourceTree = "<group>"; };
		32DF8CB8287D541800E370AF /* AxisRendererBase.swift */ = {isa = PBXFileReference; fileEncoding = 4; lastKnownFileType = sourcecode.swift; path = AxisRendererBase.swift; sourceTree = "<group>"; };
		32DF8CB9287D541800E370AF /* ChartDataRendererBase.swift */ = {isa = PBXFileReference; fileEncoding = 4; lastKnownFileType = sourcecode.swift; path = ChartDataRendererBase.swift; sourceTree = "<group>"; };
		32DF8CBA287D541800E370AF /* YAxisRenderer.swift */ = {isa = PBXFileReference; fileEncoding = 4; lastKnownFileType = sourcecode.swift; path = YAxisRenderer.swift; sourceTree = "<group>"; };
		32DF8CBB287D541800E370AF /* ScatterChartRenderer.swift */ = {isa = PBXFileReference; fileEncoding = 4; lastKnownFileType = sourcecode.swift; path = ScatterChartRenderer.swift; sourceTree = "<group>"; };
		32DF8CBC287D541800E370AF /* CombinedChartRenderer.swift */ = {isa = PBXFileReference; fileEncoding = 4; lastKnownFileType = sourcecode.swift; path = CombinedChartRenderer.swift; sourceTree = "<group>"; };
		32DF8CBD287D541800E370AF /* CandleStickChartRenderer.swift */ = {isa = PBXFileReference; fileEncoding = 4; lastKnownFileType = sourcecode.swift; path = CandleStickChartRenderer.swift; sourceTree = "<group>"; };
		32DF8CBE287D541800E370AF /* BarChartRenderer.swift */ = {isa = PBXFileReference; fileEncoding = 4; lastKnownFileType = sourcecode.swift; path = BarChartRenderer.swift; sourceTree = "<group>"; };
		32DF8CBF287D541800E370AF /* XAxisRenderer.swift */ = {isa = PBXFileReference; fileEncoding = 4; lastKnownFileType = sourcecode.swift; path = XAxisRenderer.swift; sourceTree = "<group>"; };
		32DF8CC0287D541800E370AF /* LineRadarRenderer.swift */ = {isa = PBXFileReference; fileEncoding = 4; lastKnownFileType = sourcecode.swift; path = LineRadarRenderer.swift; sourceTree = "<group>"; };
		32DF8CC1287D541800E370AF /* BarLineScatterCandleBubbleRenderer.swift */ = {isa = PBXFileReference; fileEncoding = 4; lastKnownFileType = sourcecode.swift; path = BarLineScatterCandleBubbleRenderer.swift; sourceTree = "<group>"; };
		32DF8CC3287D541800E370AF /* XShapeRenderer.swift */ = {isa = PBXFileReference; fileEncoding = 4; lastKnownFileType = sourcecode.swift; path = XShapeRenderer.swift; sourceTree = "<group>"; };
		32DF8CC4287D541800E370AF /* SquareShapeRenderer.swift */ = {isa = PBXFileReference; fileEncoding = 4; lastKnownFileType = sourcecode.swift; path = SquareShapeRenderer.swift; sourceTree = "<group>"; };
		32DF8CC5287D541800E370AF /* ChevronDownShapeRenderer.swift */ = {isa = PBXFileReference; fileEncoding = 4; lastKnownFileType = sourcecode.swift; path = ChevronDownShapeRenderer.swift; sourceTree = "<group>"; };
		32DF8CC6287D541800E370AF /* IShapeRenderer.swift */ = {isa = PBXFileReference; fileEncoding = 4; lastKnownFileType = sourcecode.swift; path = IShapeRenderer.swift; sourceTree = "<group>"; };
		32DF8CC7287D541800E370AF /* CircleShapeRenderer.swift */ = {isa = PBXFileReference; fileEncoding = 4; lastKnownFileType = sourcecode.swift; path = CircleShapeRenderer.swift; sourceTree = "<group>"; };
		32DF8CC8287D541800E370AF /* CrossShapeRenderer.swift */ = {isa = PBXFileReference; fileEncoding = 4; lastKnownFileType = sourcecode.swift; path = CrossShapeRenderer.swift; sourceTree = "<group>"; };
		32DF8CC9287D541800E370AF /* TriangleShapeRenderer.swift */ = {isa = PBXFileReference; fileEncoding = 4; lastKnownFileType = sourcecode.swift; path = TriangleShapeRenderer.swift; sourceTree = "<group>"; };
		32DF8CCA287D541800E370AF /* ChevronUpShapeRenderer.swift */ = {isa = PBXFileReference; fileEncoding = 4; lastKnownFileType = sourcecode.swift; path = ChevronUpShapeRenderer.swift; sourceTree = "<group>"; };
		32DF8CCB287D541800E370AF /* XAxisRendererHorizontalBarChart.swift */ = {isa = PBXFileReference; fileEncoding = 4; lastKnownFileType = sourcecode.swift; path = XAxisRendererHorizontalBarChart.swift; sourceTree = "<group>"; };
		32DF8CCC287D541800E370AF /* HorizontalBarChartRenderer.swift */ = {isa = PBXFileReference; fileEncoding = 4; lastKnownFileType = sourcecode.swift; path = HorizontalBarChartRenderer.swift; sourceTree = "<group>"; };
		32DF8CCD287D541800E370AF /* XAxisRendererRadarChart.swift */ = {isa = PBXFileReference; fileEncoding = 4; lastKnownFileType = sourcecode.swift; path = XAxisRendererRadarChart.swift; sourceTree = "<group>"; };
		32DF8CCE287D541800E370AF /* YAxisRendererRadarChart.swift */ = {isa = PBXFileReference; fileEncoding = 4; lastKnownFileType = sourcecode.swift; path = YAxisRendererRadarChart.swift; sourceTree = "<group>"; };
		32DF8CCF287D541800E370AF /* PieChartRenderer.swift */ = {isa = PBXFileReference; fileEncoding = 4; lastKnownFileType = sourcecode.swift; path = PieChartRenderer.swift; sourceTree = "<group>"; };
		32DF8CD0287D541800E370AF /* Renderer.swift */ = {isa = PBXFileReference; fileEncoding = 4; lastKnownFileType = sourcecode.swift; path = Renderer.swift; sourceTree = "<group>"; };
		32DF8CD1287D541800E370AF /* LineScatterCandleRadarRenderer.swift */ = {isa = PBXFileReference; fileEncoding = 4; lastKnownFileType = sourcecode.swift; path = LineScatterCandleRadarRenderer.swift; sourceTree = "<group>"; };
		32DF8CD3287D541800E370AF /* BarHighlighter.swift */ = {isa = PBXFileReference; fileEncoding = 4; lastKnownFileType = sourcecode.swift; path = BarHighlighter.swift; sourceTree = "<group>"; };
		32DF8CD4287D541800E370AF /* RadarHighlighter.swift */ = {isa = PBXFileReference; fileEncoding = 4; lastKnownFileType = sourcecode.swift; path = RadarHighlighter.swift; sourceTree = "<group>"; };
		32DF8CD5287D541800E370AF /* Highlight.swift */ = {isa = PBXFileReference; fileEncoding = 4; lastKnownFileType = sourcecode.swift; path = Highlight.swift; sourceTree = "<group>"; };
		32DF8CD6287D541800E370AF /* PieHighlighter.swift */ = {isa = PBXFileReference; fileEncoding = 4; lastKnownFileType = sourcecode.swift; path = PieHighlighter.swift; sourceTree = "<group>"; };
		32DF8CD7287D541800E370AF /* HorizontalBarHighlighter.swift */ = {isa = PBXFileReference; fileEncoding = 4; lastKnownFileType = sourcecode.swift; path = HorizontalBarHighlighter.swift; sourceTree = "<group>"; };
		32DF8CD8287D541800E370AF /* PieRadarHighlighter.swift */ = {isa = PBXFileReference; fileEncoding = 4; lastKnownFileType = sourcecode.swift; path = PieRadarHighlighter.swift; sourceTree = "<group>"; };
		32DF8CD9287D541800E370AF /* Range.swift */ = {isa = PBXFileReference; fileEncoding = 4; lastKnownFileType = sourcecode.swift; path = Range.swift; sourceTree = "<group>"; };
		32DF8CDA287D541800E370AF /* ChartHighlighter.swift */ = {isa = PBXFileReference; fileEncoding = 4; lastKnownFileType = sourcecode.swift; path = ChartHighlighter.swift; sourceTree = "<group>"; };
		32DF8CDB287D541800E370AF /* IHighlighter.swift */ = {isa = PBXFileReference; fileEncoding = 4; lastKnownFileType = sourcecode.swift; path = IHighlighter.swift; sourceTree = "<group>"; };
		32DF8CDC287D541800E370AF /* CombinedHighlighter.swift */ = {isa = PBXFileReference; fileEncoding = 4; lastKnownFileType = sourcecode.swift; path = CombinedHighlighter.swift; sourceTree = "<group>"; };
		32DF8CDE287D541800E370AF /* CandleStickChartView.swift */ = {isa = PBXFileReference; fileEncoding = 4; lastKnownFileType = sourcecode.swift; path = CandleStickChartView.swift; sourceTree = "<group>"; };
		32DF8CDF287D541800E370AF /* RadarChartView.swift */ = {isa = PBXFileReference; fileEncoding = 4; lastKnownFileType = sourcecode.swift; path = RadarChartView.swift; sourceTree = "<group>"; };
		32DF8CE0287D541800E370AF /* BarLineChartViewBase.swift */ = {isa = PBXFileReference; fileEncoding = 4; lastKnownFileType = sourcecode.swift; path = BarLineChartViewBase.swift; sourceTree = "<group>"; };
		32DF8CE1287D541800E370AF /* LineChartView.swift */ = {isa = PBXFileReference; fileEncoding = 4; lastKnownFileType = sourcecode.swift; path = LineChartView.swift; sourceTree = "<group>"; };
		32DF8CE2287D541800E370AF /* CombinedChartView.swift */ = {isa = PBXFileReference; fileEncoding = 4; lastKnownFileType = sourcecode.swift; path = CombinedChartView.swift; sourceTree = "<group>"; };
		32DF8CE3287D541800E370AF /* HorizontalBarChartView.swift */ = {isa = PBXFileReference; fileEncoding = 4; lastKnownFileType = sourcecode.swift; path = HorizontalBarChartView.swift; sourceTree = "<group>"; };
		32DF8CE4287D541800E370AF /* ChartViewBase.swift */ = {isa = PBXFileReference; fileEncoding = 4; lastKnownFileType = sourcecode.swift; path = ChartViewBase.swift; sourceTree = "<group>"; };
		32DF8CE5287D541800E370AF /* BubbleChartView.swift */ = {isa = PBXFileReference; fileEncoding = 4; lastKnownFileType = sourcecode.swift; path = BubbleChartView.swift; sourceTree = "<group>"; };
		32DF8CE6287D541800E370AF /* PieRadarChartViewBase.swift */ = {isa = PBXFileReference; fileEncoding = 4; lastKnownFileType = sourcecode.swift; path = PieRadarChartViewBase.swift; sourceTree = "<group>"; };
		32DF8CE7287D541800E370AF /* BarChartView.swift */ = {isa = PBXFileReference; fileEncoding = 4; lastKnownFileType = sourcecode.swift; path = BarChartView.swift; sourceTree = "<group>"; };
		32DF8CE8287D541800E370AF /* ScatterChartView.swift */ = {isa = PBXFileReference; fileEncoding = 4; lastKnownFileType = sourcecode.swift; path = ScatterChartView.swift; sourceTree = "<group>"; };
		32DF8CE9287D541800E370AF /* PieChartView.swift */ = {isa = PBXFileReference; fileEncoding = 4; lastKnownFileType = sourcecode.swift; path = PieChartView.swift; sourceTree = "<group>"; };
		32DF8CEB287D541800E370AF /* ChartAnimationEasing.swift */ = {isa = PBXFileReference; fileEncoding = 4; lastKnownFileType = sourcecode.swift; path = ChartAnimationEasing.swift; sourceTree = "<group>"; };
		32DF8CEC287D541800E370AF /* Animator.swift */ = {isa = PBXFileReference; fileEncoding = 4; lastKnownFileType = sourcecode.swift; path = Animator.swift; sourceTree = "<group>"; };
		32DF8CEE287D541800E370AF /* IAxisValueFormatter.swift */ = {isa = PBXFileReference; fileEncoding = 4; lastKnownFileType = sourcecode.swift; path = IAxisValueFormatter.swift; sourceTree = "<group>"; };
		32DF8CEF287D541800E370AF /* DefaultFillFormatter.swift */ = {isa = PBXFileReference; fileEncoding = 4; lastKnownFileType = sourcecode.swift; path = DefaultFillFormatter.swift; sourceTree = "<group>"; };
		32DF8CF0287D541800E370AF /* DefaultValueFormatter.swift */ = {isa = PBXFileReference; fileEncoding = 4; lastKnownFileType = sourcecode.swift; path = DefaultValueFormatter.swift; sourceTree = "<group>"; };
		32DF8CF1287D541800E370AF /* DefaultAxisValueFormatter.swift */ = {isa = PBXFileReference; fileEncoding = 4; lastKnownFileType = sourcecode.swift; path = DefaultAxisValueFormatter.swift; sourceTree = "<group>"; };
		32DF8CF2287D541800E370AF /* IndexAxisValueFormatter.swift */ = {isa = PBXFileReference; fileEncoding = 4; lastKnownFileType = sourcecode.swift; path = IndexAxisValueFormatter.swift; sourceTree = "<group>"; };
		32DF8CF3287D541800E370AF /* IFillFormatter.swift */ = {isa = PBXFileReference; fileEncoding = 4; lastKnownFileType = sourcecode.swift; path = IFillFormatter.swift; sourceTree = "<group>"; };
		32DF8CF4287D541800E370AF /* IValueFormatter.swift */ = {isa = PBXFileReference; fileEncoding = 4; lastKnownFileType = sourcecode.swift; path = IValueFormatter.swift; sourceTree = "<group>"; };
		32DF8CF6287D541800E370AF /* Fill.swift */ = {isa = PBXFileReference; fileEncoding = 4; lastKnownFileType = sourcecode.swift; path = Fill.swift; sourceTree = "<group>"; };
		32DF8CF7287D541800E370AF /* Transformer.swift */ = {isa = PBXFileReference; fileEncoding = 4; lastKnownFileType = sourcecode.swift; path = Transformer.swift; sourceTree = "<group>"; };
		32DF8CF8287D541800E370AF /* Platform+Touch Handling.swift */ = {isa = PBXFileReference; fileEncoding = 4; lastKnownFileType = sourcecode.swift; path = "Platform+Touch Handling.swift"; sourceTree = "<group>"; };
		32DF8CF9287D541800E370AF /* ViewPortHandler.swift */ = {isa = PBXFileReference; fileEncoding = 4; lastKnownFileType = sourcecode.swift; path = ViewPortHandler.swift; sourceTree = "<group>"; };
		32DF8CFA287D541800E370AF /* Platform+Gestures.swift */ = {isa = PBXFileReference; fileEncoding = 4; lastKnownFileType = sourcecode.swift; path = "Platform+Gestures.swift"; sourceTree = "<group>"; };
		32DF8CFB287D541800E370AF /* Platform+Graphics.swift */ = {isa = PBXFileReference; fileEncoding = 4; lastKnownFileType = sourcecode.swift; path = "Platform+Graphics.swift"; sourceTree = "<group>"; };
		32DF8CFC287D541800E370AF /* Platform+Accessibility.swift */ = {isa = PBXFileReference; fileEncoding = 4; lastKnownFileType = sourcecode.swift; path = "Platform+Accessibility.swift"; sourceTree = "<group>"; };
		32DF8CFD287D541800E370AF /* Platform.swift */ = {isa = PBXFileReference; fileEncoding = 4; lastKnownFileType = sourcecode.swift; path = Platform.swift; sourceTree = "<group>"; };
		32DF8CFE287D541800E370AF /* ChartColorTemplates.swift */ = {isa = PBXFileReference; fileEncoding = 4; lastKnownFileType = sourcecode.swift; path = ChartColorTemplates.swift; sourceTree = "<group>"; };
		32DF8CFF287D541800E370AF /* TransformerHorizontalBarChart.swift */ = {isa = PBXFileReference; fileEncoding = 4; lastKnownFileType = sourcecode.swift; path = TransformerHorizontalBarChart.swift; sourceTree = "<group>"; };
		32DF8D00287D541800E370AF /* Platform+Color.swift */ = {isa = PBXFileReference; fileEncoding = 4; lastKnownFileType = sourcecode.swift; path = "Platform+Color.swift"; sourceTree = "<group>"; };
		32DF8D01287D541800E370AF /* ChartUtils.swift */ = {isa = PBXFileReference; fileEncoding = 4; lastKnownFileType = sourcecode.swift; path = ChartUtils.swift; sourceTree = "<group>"; };
		32DF8D03287D541800E370AF /* Description.swift */ = {isa = PBXFileReference; fileEncoding = 4; lastKnownFileType = sourcecode.swift; path = Description.swift; sourceTree = "<group>"; };
		32DF8D04287D541800E370AF /* IMarker.swift */ = {isa = PBXFileReference; fileEncoding = 4; lastKnownFileType = sourcecode.swift; path = IMarker.swift; sourceTree = "<group>"; };
		32DF8D05287D541800E370AF /* MarkerImage.swift */ = {isa = PBXFileReference; fileEncoding = 4; lastKnownFileType = sourcecode.swift; path = MarkerImage.swift; sourceTree = "<group>"; };
		32DF8D06287D541800E370AF /* Legend.swift */ = {isa = PBXFileReference; fileEncoding = 4; lastKnownFileType = sourcecode.swift; path = Legend.swift; sourceTree = "<group>"; };
		32DF8D07287D541800E370AF /* LegendEntry.swift */ = {isa = PBXFileReference; fileEncoding = 4; lastKnownFileType = sourcecode.swift; path = LegendEntry.swift; sourceTree = "<group>"; };
		32DF8D08287D541800E370AF /* YAxis.swift */ = {isa = PBXFileReference; fileEncoding = 4; lastKnownFileType = sourcecode.swift; path = YAxis.swift; sourceTree = "<group>"; };
		32DF8D09287D541800E370AF /* AxisBase.swift */ = {isa = PBXFileReference; fileEncoding = 4; lastKnownFileType = sourcecode.swift; path = AxisBase.swift; sourceTree = "<group>"; };
		32DF8D0A287D541800E370AF /* XAxis.swift */ = {isa = PBXFileReference; fileEncoding = 4; lastKnownFileType = sourcecode.swift; path = XAxis.swift; sourceTree = "<group>"; };
		32DF8D0B287D541800E370AF /* ChartLimitLine.swift */ = {isa = PBXFileReference; fileEncoding = 4; lastKnownFileType = sourcecode.swift; path = ChartLimitLine.swift; sourceTree = "<group>"; };
		32DF8D0C287D541800E370AF /* MarkerView.swift */ = {isa = PBXFileReference; fileEncoding = 4; lastKnownFileType = sourcecode.swift; path = MarkerView.swift; sourceTree = "<group>"; };
		32DF8D0D287D541800E370AF /* ComponentBase.swift */ = {isa = PBXFileReference; fileEncoding = 4; lastKnownFileType = sourcecode.swift; path = ComponentBase.swift; sourceTree = "<group>"; };
		32DF8D0F287D541800E370AF /* AnimatedZoomViewJob.swift */ = {isa = PBXFileReference; fileEncoding = 4; lastKnownFileType = sourcecode.swift; path = AnimatedZoomViewJob.swift; sourceTree = "<group>"; };
		32DF8D10287D541800E370AF /* ViewPortJob.swift */ = {isa = PBXFileReference; fileEncoding = 4; lastKnownFileType = sourcecode.swift; path = ViewPortJob.swift; sourceTree = "<group>"; };
		32DF8D11287D541800E370AF /* MoveViewJob.swift */ = {isa = PBXFileReference; fileEncoding = 4; lastKnownFileType = sourcecode.swift; path = MoveViewJob.swift; sourceTree = "<group>"; };
		32DF8D12287D541800E370AF /* ZoomViewJob.swift */ = {isa = PBXFileReference; fileEncoding = 4; lastKnownFileType = sourcecode.swift; path = ZoomViewJob.swift; sourceTree = "<group>"; };
		32DF8D13287D541800E370AF /* AnimatedViewPortJob.swift */ = {isa = PBXFileReference; fileEncoding = 4; lastKnownFileType = sourcecode.swift; path = AnimatedViewPortJob.swift; sourceTree = "<group>"; };
		32DF8D14287D541800E370AF /* AnimatedMoveViewJob.swift */ = {isa = PBXFileReference; fileEncoding = 4; lastKnownFileType = sourcecode.swift; path = AnimatedMoveViewJob.swift; sourceTree = "<group>"; };
		32DF8D18287D541800E370AF /* ChartData.swift */ = {isa = PBXFileReference; fileEncoding = 4; lastKnownFileType = sourcecode.swift; path = ChartData.swift; sourceTree = "<group>"; };
		32DF8D19287D541800E370AF /* BarChartDataEntry.swift */ = {isa = PBXFileReference; fileEncoding = 4; lastKnownFileType = sourcecode.swift; path = BarChartDataEntry.swift; sourceTree = "<group>"; };
		32DF8D1A287D541800E370AF /* BarChartDataSet.swift */ = {isa = PBXFileReference; fileEncoding = 4; lastKnownFileType = sourcecode.swift; path = BarChartDataSet.swift; sourceTree = "<group>"; };
		32DF8D1B287D541800E370AF /* RadarChartDataEntry.swift */ = {isa = PBXFileReference; fileEncoding = 4; lastKnownFileType = sourcecode.swift; path = RadarChartDataEntry.swift; sourceTree = "<group>"; };
		32DF8D1C287D541800E370AF /* BarLineScatterCandleBubbleChartDataSet.swift */ = {isa = PBXFileReference; fileEncoding = 4; lastKnownFileType = sourcecode.swift; path = BarLineScatterCandleBubbleChartDataSet.swift; sourceTree = "<group>"; };
		32DF8D1D287D541800E370AF /* PieChartDataEntry.swift */ = {isa = PBXFileReference; fileEncoding = 4; lastKnownFileType = sourcecode.swift; path = PieChartDataEntry.swift; sourceTree = "<group>"; };
		32DF8D1E287D541800E370AF /* CandleChartDataEntry.swift */ = {isa = PBXFileReference; fileEncoding = 4; lastKnownFileType = sourcecode.swift; path = CandleChartDataEntry.swift; sourceTree = "<group>"; };
		32DF8D1F287D541800E370AF /* CombinedChartData.swift */ = {isa = PBXFileReference; fileEncoding = 4; lastKnownFileType = sourcecode.swift; path = CombinedChartData.swift; sourceTree = "<group>"; };
		32DF8D20287D541800E370AF /* LineChartData.swift */ = {isa = PBXFileReference; fileEncoding = 4; lastKnownFileType = sourcecode.swift; path = LineChartData.swift; sourceTree = "<group>"; };
		32DF8D21287D541800E370AF /* RadarChartData.swift */ = {isa = PBXFileReference; fileEncoding = 4; lastKnownFileType = sourcecode.swift; path = RadarChartData.swift; sourceTree = "<group>"; };
		32DF8D22287D541800E370AF /* CandleChartDataSet.swift */ = {isa = PBXFileReference; fileEncoding = 4; lastKnownFileType = sourcecode.swift; path = CandleChartDataSet.swift; sourceTree = "<group>"; };
		32DF8D23287D541800E370AF /* LineRadarChartDataSet.swift */ = {isa = PBXFileReference; fileEncoding = 4; lastKnownFileType = sourcecode.swift; path = LineRadarChartDataSet.swift; sourceTree = "<group>"; };
		32DF8D24287D541800E370AF /* BarLineScatterCandleBubbleChartData.swift */ = {isa = PBXFileReference; fileEncoding = 4; lastKnownFileType = sourcecode.swift; path = BarLineScatterCandleBubbleChartData.swift; sourceTree = "<group>"; };
		32DF8D25287D541800E370AF /* BubbleChartDataEntry.swift */ = {isa = PBXFileReference; fileEncoding = 4; lastKnownFileType = sourcecode.swift; path = BubbleChartDataEntry.swift; sourceTree = "<group>"; };
		32DF8D26287D541800E370AF /* ChartDataEntryBase.swift */ = {isa = PBXFileReference; fileEncoding = 4; lastKnownFileType = sourcecode.swift; path = ChartDataEntryBase.swift; sourceTree = "<group>"; };
		32DF8D27287D541800E370AF /* ChartDataEntry.swift */ = {isa = PBXFileReference; fileEncoding = 4; lastKnownFileType = sourcecode.swift; path = ChartDataEntry.swift; sourceTree = "<group>"; };
		32DF8D28287D541800E370AF /* PieChartDataSet.swift */ = {isa = PBXFileReference; fileEncoding = 4; lastKnownFileType = sourcecode.swift; path = PieChartDataSet.swift; sourceTree = "<group>"; };
		32DF8D29287D541800E370AF /* BubbleChartData.swift */ = {isa = PBXFileReference; fileEncoding = 4; lastKnownFileType = sourcecode.swift; path = BubbleChartData.swift; sourceTree = "<group>"; };
		32DF8D2A287D541800E370AF /* ChartDataSet.swift */ = {isa = PBXFileReference; fileEncoding = 4; lastKnownFileType = sourcecode.swift; path = ChartDataSet.swift; sourceTree = "<group>"; };
		32DF8D2B287D541800E370AF /* ScatterChartDataSet.swift */ = {isa = PBXFileReference; fileEncoding = 4; lastKnownFileType = sourcecode.swift; path = ScatterChartDataSet.swift; sourceTree = "<group>"; };
		32DF8D2C287D541800E370AF /* ScatterChartData.swift */ = {isa = PBXFileReference; fileEncoding = 4; lastKnownFileType = sourcecode.swift; path = ScatterChartData.swift; sourceTree = "<group>"; };
		32DF8D2D287D541800E370AF /* PieChartData.swift */ = {isa = PBXFileReference; fileEncoding = 4; lastKnownFileType = sourcecode.swift; path = PieChartData.swift; sourceTree = "<group>"; };
		32DF8D2E287D541800E370AF /* CandleChartData.swift */ = {isa = PBXFileReference; fileEncoding = 4; lastKnownFileType = sourcecode.swift; path = CandleChartData.swift; sourceTree = "<group>"; };
		32DF8D2F287D541800E370AF /* LineChartDataSet.swift */ = {isa = PBXFileReference; fileEncoding = 4; lastKnownFileType = sourcecode.swift; path = LineChartDataSet.swift; sourceTree = "<group>"; };
		32DF8D30287D541800E370AF /* BubbleChartDataSet.swift */ = {isa = PBXFileReference; fileEncoding = 4; lastKnownFileType = sourcecode.swift; path = BubbleChartDataSet.swift; sourceTree = "<group>"; };
		32DF8D31287D541800E370AF /* RadarChartDataSet.swift */ = {isa = PBXFileReference; fileEncoding = 4; lastKnownFileType = sourcecode.swift; path = RadarChartDataSet.swift; sourceTree = "<group>"; };
		32DF8D32287D541800E370AF /* BarChartData.swift */ = {isa = PBXFileReference; fileEncoding = 4; lastKnownFileType = sourcecode.swift; path = BarChartData.swift; sourceTree = "<group>"; };
		32DF8D33287D541800E370AF /* LineScatterCandleRadarChartDataSet.swift */ = {isa = PBXFileReference; fileEncoding = 4; lastKnownFileType = sourcecode.swift; path = LineScatterCandleRadarChartDataSet.swift; sourceTree = "<group>"; };
		32DF8D34287D541800E370AF /* ChartBaseDataSet.swift */ = {isa = PBXFileReference; fileEncoding = 4; lastKnownFileType = sourcecode.swift; path = ChartBaseDataSet.swift; sourceTree = "<group>"; };
		32DF8D36287D541800E370AF /* IPieChartDataSet.swift */ = {isa = PBXFileReference; fileEncoding = 4; lastKnownFileType = sourcecode.swift; path = IPieChartDataSet.swift; sourceTree = "<group>"; };
		32DF8D37287D541800E370AF /* IScatterChartDataSet.swift */ = {isa = PBXFileReference; fileEncoding = 4; lastKnownFileType = sourcecode.swift; path = IScatterChartDataSet.swift; sourceTree = "<group>"; };
		32DF8D38287D541800E370AF /* ILineChartDataSet.swift */ = {isa = PBXFileReference; fileEncoding = 4; lastKnownFileType = sourcecode.swift; path = ILineChartDataSet.swift; sourceTree = "<group>"; };
		32DF8D39287D541800E370AF /* IRadarChartDataSet.swift */ = {isa = PBXFileReference; fileEncoding = 4; lastKnownFileType = sourcecode.swift; path = IRadarChartDataSet.swift; sourceTree = "<group>"; };
		32DF8D3A287D541800E370AF /* IBarChartDataSet.swift */ = {isa = PBXFileReference; fileEncoding = 4; lastKnownFileType = sourcecode.swift; path = IBarChartDataSet.swift; sourceTree = "<group>"; };
		32DF8D3B287D541800E370AF /* ILineRadarChartDataSet.swift */ = {isa = PBXFileReference; fileEncoding = 4; lastKnownFileType = sourcecode.swift; path = ILineRadarChartDataSet.swift; sourceTree = "<group>"; };
		32DF8D3C287D541800E370AF /* IChartDataSet.swift */ = {isa = PBXFileReference; fileEncoding = 4; lastKnownFileType = sourcecode.swift; path = IChartDataSet.swift; sourceTree = "<group>"; };
		32DF8D3D287D541800E370AF /* ICandleChartDataSet.swift */ = {isa = PBXFileReference; fileEncoding = 4; lastKnownFileType = sourcecode.swift; path = ICandleChartDataSet.swift; sourceTree = "<group>"; };
		32DF8D3E287D541800E370AF /* ILineScatterCandleRadarChartDataSet.swift */ = {isa = PBXFileReference; fileEncoding = 4; lastKnownFileType = sourcecode.swift; path = ILineScatterCandleRadarChartDataSet.swift; sourceTree = "<group>"; };
		32DF8D3F287D541800E370AF /* IBubbleChartDataSet.swift */ = {isa = PBXFileReference; fileEncoding = 4; lastKnownFileType = sourcecode.swift; path = IBubbleChartDataSet.swift; sourceTree = "<group>"; };
		32DF8D40287D541800E370AF /* IBarLineScatterCandleBubbleChartDataSet.swift */ = {isa = PBXFileReference; fileEncoding = 4; lastKnownFileType = sourcecode.swift; path = IBarLineScatterCandleBubbleChartDataSet.swift; sourceTree = "<group>"; };
		32DF8D42287D541800E370AF /* BarChartDataProvider.swift */ = {isa = PBXFileReference; fileEncoding = 4; lastKnownFileType = sourcecode.swift; path = BarChartDataProvider.swift; sourceTree = "<group>"; };
		32DF8D43287D541800E370AF /* ChartDataProvider.swift */ = {isa = PBXFileReference; fileEncoding = 4; lastKnownFileType = sourcecode.swift; path = ChartDataProvider.swift; sourceTree = "<group>"; };
		32DF8D44287D541800E370AF /* CandleChartDataProvider.swift */ = {isa = PBXFileReference; fileEncoding = 4; lastKnownFileType = sourcecode.swift; path = CandleChartDataProvider.swift; sourceTree = "<group>"; };
		32DF8D45287D541800E370AF /* CombinedChartDataProvider.swift */ = {isa = PBXFileReference; fileEncoding = 4; lastKnownFileType = sourcecode.swift; path = CombinedChartDataProvider.swift; sourceTree = "<group>"; };
		32DF8D46287D541800E370AF /* LineChartDataProvider.swift */ = {isa = PBXFileReference; fileEncoding = 4; lastKnownFileType = sourcecode.swift; path = LineChartDataProvider.swift; sourceTree = "<group>"; };
		32DF8D47287D541800E370AF /* BarLineScatterCandleBubbleChartDataProvider.swift */ = {isa = PBXFileReference; fileEncoding = 4; lastKnownFileType = sourcecode.swift; path = BarLineScatterCandleBubbleChartDataProvider.swift; sourceTree = "<group>"; };
		32DF8D48287D541800E370AF /* ScatterChartDataProvider.swift */ = {isa = PBXFileReference; fileEncoding = 4; lastKnownFileType = sourcecode.swift; path = ScatterChartDataProvider.swift; sourceTree = "<group>"; };
		32DF8D49287D541800E370AF /* BubbleChartDataProvider.swift */ = {isa = PBXFileReference; fileEncoding = 4; lastKnownFileType = sourcecode.swift; path = BubbleChartDataProvider.swift; sourceTree = "<group>"; };
		41DDB768A1D033A34F0EF9E0 /* Media.xcassets */ = {isa = PBXFileReference; includeInIndex = 1; lastKnownFileType = folder.assetcatalog; name = Media.xcassets; path = "Tests/Supporting Files/Media.xcassets"; sourceTree = "<group>"; };
		4F9922F0641F7955DC6CD324 /* Charts.h */ = {isa = PBXFileReference; includeInIndex = 1; lastKnownFileType = sourcecode.c.h; name = Charts.h; path = "Source/Supporting Files/Charts.h"; sourceTree = "<group>"; };
		5C3F5E1A69EC06E86505F7B1 /* BarChartTests.swift */ = {isa = PBXFileReference; includeInIndex = 1; lastKnownFileType = sourcecode.swift; name = BarChartTests.swift; path = Tests/Charts/BarChartTests.swift; sourceTree = "<group>"; };
		65AD9E95D9ED4DC0BD73A743 /* Charts.framework */ = {isa = PBXFileReference; explicitFileType = wrapper.framework; includeInIndex = 0; path = Charts.framework; sourceTree = BUILT_PRODUCTS_DIR; };
		7AB9062A28AAB9469752A954 /* ChartUtilsTests.swift */ = {isa = PBXFileReference; includeInIndex = 1; lastKnownFileType = sourcecode.swift; name = ChartUtilsTests.swift; path = Tests/Charts/ChartUtilsTests.swift; sourceTree = "<group>"; };
		910DBFE1DA1B2CA237A736DF /* Info.plist */ = {isa = PBXFileReference; includeInIndex = 1; lastKnownFileType = text.plist.xml; name = Info.plist; path = "Source/Supporting Files/Info.plist"; sourceTree = "<group>"; };
		B66817452241E3CC00017CF1 /* HorizontalBarChartTests.swift */ = {isa = PBXFileReference; lastKnownFileType = sourcecode.swift; name = HorizontalBarChartTests.swift; path = Tests/Charts/HorizontalBarChartTests.swift; sourceTree = "<group>"; };
		B6BF9A551F91993A00E62A5D /* CombinedChartTests.swift */ = {isa = PBXFileReference; lastKnownFileType = sourcecode.swift; name = CombinedChartTests.swift; path = Tests/Charts/CombinedChartTests.swift; sourceTree = "<group>"; };
		C03E6D8023DAAB2600083010 /* ChartDataTests.swift */ = {isa = PBXFileReference; lastKnownFileType = sourcecode.swift; path = ChartDataTests.swift; sourceTree = "<group>"; };
		C574E1BC7E12D937A5471EF8 /* Info.plist */ = {isa = PBXFileReference; includeInIndex = 1; lastKnownFileType = text.plist.xml; name = Info.plist; path = "Tests/Supporting Files/Info.plist"; sourceTree = "<group>"; };
		D2E1819D72CD7B6C4A4E8048 /* LineChartTests.swift */ = {isa = PBXFileReference; includeInIndex = 1; lastKnownFileType = sourcecode.swift; name = LineChartTests.swift; path = Tests/Charts/LineChartTests.swift; sourceTree = "<group>"; };
/* End PBXFileReference section */

/* Begin PBXFrameworksBuildPhase section */
		77997192275C47C45A0A2E9A /* Frameworks */ = {
			isa = PBXFrameworksBuildPhase;
			buildActionMask = 2147483647;
			files = (
				C7B150D740255670DEB9F455 /* Charts.framework in Frameworks */,
			);
			runOnlyForDeploymentPostprocessing = 0;
		};
		C16A09321DC2DCF289FF0E3B /* Frameworks */ = {
			isa = PBXFrameworksBuildPhase;
			buildActionMask = 2147483647;
			files = (
			);
			runOnlyForDeploymentPostprocessing = 0;
		};
/* End PBXFrameworksBuildPhase section */

/* Begin PBXGroup section */
		033FD152BB2F906750106A85 /* Frameworks */ = {
			isa = PBXGroup;
			children = (
			);
			name = Frameworks;
			sourceTree = "<group>";
		};
		20C350D33133A4D89BB365B1 /* Source */ = {
			isa = PBXGroup;
			children = (
				32DF8CAE287D541800E370AF /* ChartsSPM */,
				E9F158C8C566B26AFD775911 /* Supporting Files */,
			);
			name = Source;
			sourceTree = "<group>";
		};
		32DF8CAE287D541800E370AF /* ChartsSPM */ = {
			isa = PBXGroup;
			children = (
				32DF8CAF287D541800E370AF /* Filters */,
				32DF8CB2287D541800E370AF /* Renderers */,
				32DF8CD2287D541800E370AF /* Highlight */,
				32DF8CDD287D541800E370AF /* Charts */,
				32DF8CEA287D541800E370AF /* Animation */,
				32DF8CED287D541800E370AF /* Formatters */,
				32DF8CF5287D541800E370AF /* Utils */,
				32DF8D02287D541800E370AF /* Components */,
				32DF8D0E287D541800E370AF /* Jobs */,
				32DF8D15287D541800E370AF /* Data */,
				32DF8D41287D541800E370AF /* Interfaces */,
			);
			name = ChartsSPM;
			path = Source/ChartsSPM;
			sourceTree = "<group>";
		};
		32DF8CAF287D541800E370AF /* Filters */ = {
			isa = PBXGroup;
			children = (
				32DF8CB0287D541800E370AF /* DataApproximator.swift */,
				32DF8CB1287D541800E370AF /* DataApproximator+N.swift */,
			);
			path = Filters;
			sourceTree = "<group>";
		};
		32DF8CB2287D541800E370AF /* Renderers */ = {
			isa = PBXGroup;
			children = (
				32DF8CB3287D541800E370AF /* RadarChartRenderer.swift */,
				32DF8CB4287D541800E370AF /* LegendRenderer.swift */,
				32DF8CB5287D541800E370AF /* YAxisRendererHorizontalBarChart.swift */,
				32DF8CB6287D541800E370AF /* BubbleChartRenderer.swift */,
				32DF8CB7287D541800E370AF /* LineChartRenderer.swift */,
				32DF8CB8287D541800E370AF /* AxisRendererBase.swift */,
				32DF8CB9287D541800E370AF /* ChartDataRendererBase.swift */,
				32DF8CBA287D541800E370AF /* YAxisRenderer.swift */,
				32DF8CBB287D541800E370AF /* ScatterChartRenderer.swift */,
				32DF8CBC287D541800E370AF /* CombinedChartRenderer.swift */,
				32DF8CBD287D541800E370AF /* CandleStickChartRenderer.swift */,
				32DF8CBE287D541800E370AF /* BarChartRenderer.swift */,
				32DF8CBF287D541800E370AF /* XAxisRenderer.swift */,
				32DF8CC0287D541800E370AF /* LineRadarRenderer.swift */,
				32DF8CC1287D541800E370AF /* BarLineScatterCandleBubbleRenderer.swift */,
				32DF8CC2287D541800E370AF /* Scatter */,
				32DF8CCB287D541800E370AF /* XAxisRendererHorizontalBarChart.swift */,
				32DF8CCC287D541800E370AF /* HorizontalBarChartRenderer.swift */,
				32DF8CCD287D541800E370AF /* XAxisRendererRadarChart.swift */,
				32DF8CCE287D541800E370AF /* YAxisRendererRadarChart.swift */,
				32DF8CCF287D541800E370AF /* PieChartRenderer.swift */,
				32DF8CD0287D541800E370AF /* Renderer.swift */,
				32DF8CD1287D541800E370AF /* LineScatterCandleRadarRenderer.swift */,
			);
			path = Renderers;
			sourceTree = "<group>";
		};
		32DF8CC2287D541800E370AF /* Scatter */ = {
			isa = PBXGroup;
			children = (
				32DF8CC3287D541800E370AF /* XShapeRenderer.swift */,
				32DF8CC4287D541800E370AF /* SquareShapeRenderer.swift */,
				32DF8CC5287D541800E370AF /* ChevronDownShapeRenderer.swift */,
				32DF8CC6287D541800E370AF /* IShapeRenderer.swift */,
				32DF8CC7287D541800E370AF /* CircleShapeRenderer.swift */,
				32DF8CC8287D541800E370AF /* CrossShapeRenderer.swift */,
				32DF8CC9287D541800E370AF /* TriangleShapeRenderer.swift */,
				32DF8CCA287D541800E370AF /* ChevronUpShapeRenderer.swift */,
			);
			path = Scatter;
			sourceTree = "<group>";
		};
		32DF8CD2287D541800E370AF /* Highlight */ = {
			isa = PBXGroup;
			children = (
				32DF8CD3287D541800E370AF /* BarHighlighter.swift */,
				32DF8CD4287D541800E370AF /* RadarHighlighter.swift */,
				32DF8CD5287D541800E370AF /* Highlight.swift */,
				32DF8CD6287D541800E370AF /* PieHighlighter.swift */,
				32DF8CD7287D541800E370AF /* HorizontalBarHighlighter.swift */,
				32DF8CD8287D541800E370AF /* PieRadarHighlighter.swift */,
				32DF8CD9287D541800E370AF /* Range.swift */,
				32DF8CDA287D541800E370AF /* ChartHighlighter.swift */,
				32DF8CDB287D541800E370AF /* IHighlighter.swift */,
				32DF8CDC287D541800E370AF /* CombinedHighlighter.swift */,
			);
			path = Highlight;
			sourceTree = "<group>";
		};
		32DF8CDD287D541800E370AF /* Charts */ = {
			isa = PBXGroup;
			children = (
				32DF8CDE287D541800E370AF /* CandleStickChartView.swift */,
				32DF8CDF287D541800E370AF /* RadarChartView.swift */,
				32DF8CE0287D541800E370AF /* BarLineChartViewBase.swift */,
				32DF8CE1287D541800E370AF /* LineChartView.swift */,
				32DF8CE2287D541800E370AF /* CombinedChartView.swift */,
				32DF8CE3287D541800E370AF /* HorizontalBarChartView.swift */,
				32DF8CE4287D541800E370AF /* ChartViewBase.swift */,
				32DF8CE5287D541800E370AF /* BubbleChartView.swift */,
				32DF8CE6287D541800E370AF /* PieRadarChartViewBase.swift */,
				32DF8CE7287D541800E370AF /* BarChartView.swift */,
				32DF8CE8287D541800E370AF /* ScatterChartView.swift */,
				32DF8CE9287D541800E370AF /* PieChartView.swift */,
			);
			path = Charts;
			sourceTree = "<group>";
		};
		32DF8CEA287D541800E370AF /* Animation */ = {
			isa = PBXGroup;
			children = (
				32DF8CEB287D541800E370AF /* ChartAnimationEasing.swift */,
				32DF8CEC287D541800E370AF /* Animator.swift */,
			);
			path = Animation;
			sourceTree = "<group>";
		};
		32DF8CED287D541800E370AF /* Formatters */ = {
			isa = PBXGroup;
			children = (
				32DF8CEE287D541800E370AF /* IAxisValueFormatter.swift */,
				32DF8CEF287D541800E370AF /* DefaultFillFormatter.swift */,
				32DF8CF0287D541800E370AF /* DefaultValueFormatter.swift */,
				32DF8CF1287D541800E370AF /* DefaultAxisValueFormatter.swift */,
				32DF8CF2287D541800E370AF /* IndexAxisValueFormatter.swift */,
				32DF8CF3287D541800E370AF /* IFillFormatter.swift */,
				32DF8CF4287D541800E370AF /* IValueFormatter.swift */,
			);
			path = Formatters;
			sourceTree = "<group>";
		};
		32DF8CF5287D541800E370AF /* Utils */ = {
			isa = PBXGroup;
			children = (
				32DF8CF6287D541800E370AF /* Fill.swift */,
				32DF8CF7287D541800E370AF /* Transformer.swift */,
				32DF8CF8287D541800E370AF /* Platform+Touch Handling.swift */,
				32DF8CF9287D541800E370AF /* ViewPortHandler.swift */,
				32DF8CFA287D541800E370AF /* Platform+Gestures.swift */,
				32DF8CFB287D541800E370AF /* Platform+Graphics.swift */,
				32DF8CFC287D541800E370AF /* Platform+Accessibility.swift */,
				32DF8CFD287D541800E370AF /* Platform.swift */,
				32DF8CFE287D541800E370AF /* ChartColorTemplates.swift */,
				32DF8CFF287D541800E370AF /* TransformerHorizontalBarChart.swift */,
				32DF8D00287D541800E370AF /* Platform+Color.swift */,
				32DF8D01287D541800E370AF /* ChartUtils.swift */,
			);
			path = Utils;
			sourceTree = "<group>";
		};
		32DF8D02287D541800E370AF /* Components */ = {
			isa = PBXGroup;
			children = (
				32DF8D03287D541800E370AF /* Description.swift */,
				32DF8D04287D541800E370AF /* IMarker.swift */,
				32DF8D05287D541800E370AF /* MarkerImage.swift */,
				32DF8D06287D541800E370AF /* Legend.swift */,
				32DF8D07287D541800E370AF /* LegendEntry.swift */,
				32DF8D08287D541800E370AF /* YAxis.swift */,
				32DF8D09287D541800E370AF /* AxisBase.swift */,
				32DF8D0A287D541800E370AF /* XAxis.swift */,
				32DF8D0B287D541800E370AF /* ChartLimitLine.swift */,
				32DF8D0C287D541800E370AF /* MarkerView.swift */,
				32DF8D0D287D541800E370AF /* ComponentBase.swift */,
			);
			path = Components;
			sourceTree = "<group>";
		};
		32DF8D0E287D541800E370AF /* Jobs */ = {
			isa = PBXGroup;
			children = (
				32DF8D0F287D541800E370AF /* AnimatedZoomViewJob.swift */,
				32DF8D10287D541800E370AF /* ViewPortJob.swift */,
				32DF8D11287D541800E370AF /* MoveViewJob.swift */,
				32DF8D12287D541800E370AF /* ZoomViewJob.swift */,
				32DF8D13287D541800E370AF /* AnimatedViewPortJob.swift */,
				32DF8D14287D541800E370AF /* AnimatedMoveViewJob.swift */,
			);
			path = Jobs;
			sourceTree = "<group>";
		};
		32DF8D15287D541800E370AF /* Data */ = {
			isa = PBXGroup;
			children = (
				32DF8D16287D541800E370AF /* Implementations */,
				32DF8D35287D541800E370AF /* Interfaces */,
			);
			path = Data;
			sourceTree = "<group>";
		};
		32DF8D16287D541800E370AF /* Implementations */ = {
			isa = PBXGroup;
			children = (
				32DF8D17287D541800E370AF /* Standard */,
				32DF8D34287D541800E370AF /* ChartBaseDataSet.swift */,
			);
			path = Implementations;
			sourceTree = "<group>";
		};
		32DF8D17287D541800E370AF /* Standard */ = {
			isa = PBXGroup;
			children = (
				32DF8D18287D541800E370AF /* ChartData.swift */,
				32DF8D19287D541800E370AF /* BarChartDataEntry.swift */,
				32DF8D1A287D541800E370AF /* BarChartDataSet.swift */,
				32DF8D1B287D541800E370AF /* RadarChartDataEntry.swift */,
				32DF8D1C287D541800E370AF /* BarLineScatterCandleBubbleChartDataSet.swift */,
				32DF8D1D287D541800E370AF /* PieChartDataEntry.swift */,
				32DF8D1E287D541800E370AF /* CandleChartDataEntry.swift */,
				32DF8D1F287D541800E370AF /* CombinedChartData.swift */,
				32DF8D20287D541800E370AF /* LineChartData.swift */,
				32DF8D21287D541800E370AF /* RadarChartData.swift */,
				32DF8D22287D541800E370AF /* CandleChartDataSet.swift */,
				32DF8D23287D541800E370AF /* LineRadarChartDataSet.swift */,
				32DF8D24287D541800E370AF /* BarLineScatterCandleBubbleChartData.swift */,
				32DF8D25287D541800E370AF /* BubbleChartDataEntry.swift */,
				32DF8D26287D541800E370AF /* ChartDataEntryBase.swift */,
				32DF8D27287D541800E370AF /* ChartDataEntry.swift */,
				32DF8D28287D541800E370AF /* PieChartDataSet.swift */,
				32DF8D29287D541800E370AF /* BubbleChartData.swift */,
				32DF8D2A287D541800E370AF /* ChartDataSet.swift */,
				32DF8D2B287D541800E370AF /* ScatterChartDataSet.swift */,
				32DF8D2C287D541800E370AF /* ScatterChartData.swift */,
				32DF8D2D287D541800E370AF /* PieChartData.swift */,
				32DF8D2E287D541800E370AF /* CandleChartData.swift */,
				32DF8D2F287D541800E370AF /* LineChartDataSet.swift */,
				32DF8D30287D541800E370AF /* BubbleChartDataSet.swift */,
				32DF8D31287D541800E370AF /* RadarChartDataSet.swift */,
				32DF8D32287D541800E370AF /* BarChartData.swift */,
				32DF8D33287D541800E370AF /* LineScatterCandleRadarChartDataSet.swift */,
			);
			path = Standard;
			sourceTree = "<group>";
		};
		32DF8D35287D541800E370AF /* Interfaces */ = {
			isa = PBXGroup;
			children = (
				32DF8D36287D541800E370AF /* IPieChartDataSet.swift */,
				32DF8D37287D541800E370AF /* IScatterChartDataSet.swift */,
				32DF8D38287D541800E370AF /* ILineChartDataSet.swift */,
				32DF8D39287D541800E370AF /* IRadarChartDataSet.swift */,
				32DF8D3A287D541800E370AF /* IBarChartDataSet.swift */,
				32DF8D3B287D541800E370AF /* ILineRadarChartDataSet.swift */,
				32DF8D3C287D541800E370AF /* IChartDataSet.swift */,
				32DF8D3D287D541800E370AF /* ICandleChartDataSet.swift */,
				32DF8D3E287D541800E370AF /* ILineScatterCandleRadarChartDataSet.swift */,
				32DF8D3F287D541800E370AF /* IBubbleChartDataSet.swift */,
				32DF8D40287D541800E370AF /* IBarLineScatterCandleBubbleChartDataSet.swift */,
			);
			path = Interfaces;
			sourceTree = "<group>";
		};
		32DF8D41287D541800E370AF /* Interfaces */ = {
			isa = PBXGroup;
			children = (
				32DF8D42287D541800E370AF /* BarChartDataProvider.swift */,
				32DF8D43287D541800E370AF /* ChartDataProvider.swift */,
				32DF8D44287D541800E370AF /* CandleChartDataProvider.swift */,
				32DF8D45287D541800E370AF /* CombinedChartDataProvider.swift */,
				32DF8D46287D541800E370AF /* LineChartDataProvider.swift */,
				32DF8D47287D541800E370AF /* BarLineScatterCandleBubbleChartDataProvider.swift */,
				32DF8D48287D541800E370AF /* ScatterChartDataProvider.swift */,
				32DF8D49287D541800E370AF /* BubbleChartDataProvider.swift */,
			);
			path = Interfaces;
			sourceTree = "<group>";
		};
		865A1CF149F52850CAB7F177 = {
			isa = PBXGroup;
			children = (
				AB2D554102718F209377399E /* Products */,
				033FD152BB2F906750106A85 /* Frameworks */,
				20C350D33133A4D89BB365B1 /* Source */,
				D2C26AC015E753014C7571E4 /* Tests */,
			);
			sourceTree = "<group>";
		};
		9613A7C800C7F065A823D587 /* Charts */ = {
			isa = PBXGroup;
			children = (
				5C3F5E1A69EC06E86505F7B1 /* BarChartTests.swift */,
				B66817452241E3CC00017CF1 /* HorizontalBarChartTests.swift */,
				224EFF981FBAAC4700CF9B3B /* EquatableTests.swift */,
				7AB9062A28AAB9469752A954 /* ChartUtilsTests.swift */,
				B6BF9A551F91993A00E62A5D /* CombinedChartTests.swift */,
				D2E1819D72CD7B6C4A4E8048 /* LineChartTests.swift */,
				135F11CD20425AF600D655A3 /* PieChartTests.swift */,
				064989451F5C99C7006E8BB3 /* Snapshot.swift */,
				C03E6D8023DAAB2600083010 /* ChartDataTests.swift */,
			);
			name = Charts;
			sourceTree = "<group>";
		};
		AB2D554102718F209377399E /* Products */ = {
			isa = PBXGroup;
			children = (
				65AD9E95D9ED4DC0BD73A743 /* Charts.framework */,
				1CBBC58C6CE1EBEE9852CE41 /* ChartsTests.xctest */,
			);
			name = Products;
			sourceTree = "<group>";
		};
		BF662941E21BC049994B2598 /* Supporting Files */ = {
			isa = PBXGroup;
			children = (
				C574E1BC7E12D937A5471EF8 /* Info.plist */,
				41DDB768A1D033A34F0EF9E0 /* Media.xcassets */,
			);
			name = "Supporting Files";
			sourceTree = "<group>";
		};
		D2C26AC015E753014C7571E4 /* Tests */ = {
			isa = PBXGroup;
			children = (
				BF662941E21BC049994B2598 /* Supporting Files */,
				9613A7C800C7F065A823D587 /* Charts */,
			);
			name = Tests;
			sourceTree = "<group>";
		};
		E9F158C8C566B26AFD775911 /* Supporting Files */ = {
			isa = PBXGroup;
			children = (
				910DBFE1DA1B2CA237A736DF /* Info.plist */,
				4F9922F0641F7955DC6CD324 /* Charts.h */,
			);
			name = "Supporting Files";
			sourceTree = "<group>";
		};
/* End PBXGroup section */

/* Begin PBXHeadersBuildPhase section */
		B2B2DD73E237562739EE1F83 /* Headers */ = {
			isa = PBXHeadersBuildPhase;
			buildActionMask = 2147483647;
			files = (
				BEFD9518F3A74ACF8FA33308 /* Charts.h in Headers */,
			);
			runOnlyForDeploymentPostprocessing = 0;
		};
/* End PBXHeadersBuildPhase section */

/* Begin PBXNativeTarget section */
		A58A4ED274A941CA248EA921 /* Charts */ = {
			isa = PBXNativeTarget;
			buildConfigurationList = F1D4AA9E26EA32041FC0E3B6 /* Build configuration list for PBXNativeTarget "Charts" */;
			buildPhases = (
				B2B2DD73E237562739EE1F83 /* Headers */,
				B5996DB2D9B6F0DB0E9D3F3E /* Sources */,
				E257C254E738A8AE047C6FB6 /* Resources */,
				C16A09321DC2DCF289FF0E3B /* Frameworks */,
			);
			buildRules = (
			);
			dependencies = (
			);
			name = Charts;
			productName = Charts;
			productReference = 65AD9E95D9ED4DC0BD73A743 /* Charts.framework */;
			productType = "com.apple.product-type.framework";
		};
		F2749BD5443C1CB5FE2080C2 /* ChartsTests */ = {
			isa = PBXNativeTarget;
			buildConfigurationList = E61E9728E2BF9CC4048B13D5 /* Build configuration list for PBXNativeTarget "ChartsTests" */;
			buildPhases = (
				D6BF00523905132F162A7710 /* Build Dependencies */,
				E356A2384A2368AB3D2C7912 /* Sources */,
				5B102E31AA8399941CC6248D /* Resources */,
				77997192275C47C45A0A2E9A /* Frameworks */,
				6BA68666BDA3FCF79C2A6801 /* Copy Carthage Frameworks */,
			);
			buildRules = (
			);
			dependencies = (
				8676F8A013D87F9961E92465 /* PBXTargetDependency */,
			);
			name = ChartsTests;
			productName = ChartsTests;
			productReference = 1CBBC58C6CE1EBEE9852CE41 /* ChartsTests.xctest */;
			productType = "com.apple.product-type.bundle.unit-test";
		};
/* End PBXNativeTarget section */

/* Begin PBXProject section */
		193FC8DF32D250560C5F5D77 /* Project object */ = {
			isa = PBXProject;
			attributes = {
				LastSwiftUpdateCheck = 0830;
				LastUpgradeCheck = 1200;
				TargetAttributes = {
					A58A4ED274A941CA248EA921 = {
						LastSwiftMigration = 0900;
					};
					F2749BD5443C1CB5FE2080C2 = {
						LastSwiftMigration = 0900;
					};
				};
			};
			buildConfigurationList = 493FF4FB1D40FC7C51DDDA6B /* Build configuration list for PBXProject "Charts" */;
			compatibilityVersion = "Xcode 3.2";
			developmentRegion = en;
			hasScannedForEncodings = 0;
			knownRegions = (
				en,
				Base,
			);
			mainGroup = 865A1CF149F52850CAB7F177;
			productRefGroup = AB2D554102718F209377399E /* Products */;
			projectDirPath = "";
			projectRoot = "";
			targets = (
				A58A4ED274A941CA248EA921 /* Charts */,
				F2749BD5443C1CB5FE2080C2 /* ChartsTests */,
			);
		};
/* End PBXProject section */

/* Begin PBXResourcesBuildPhase section */
		5B102E31AA8399941CC6248D /* Resources */ = {
			isa = PBXResourcesBuildPhase;
			buildActionMask = 2147483647;
			files = (
				00B8BF5901C2D220357B0B2A /* Media.xcassets in Resources */,
			);
			runOnlyForDeploymentPostprocessing = 0;
		};
		E257C254E738A8AE047C6FB6 /* Resources */ = {
			isa = PBXResourcesBuildPhase;
			buildActionMask = 2147483647;
			files = (
			);
			runOnlyForDeploymentPostprocessing = 0;
		};
/* End PBXResourcesBuildPhase section */

/* Begin PBXShellScriptBuildPhase section */
		6BA68666BDA3FCF79C2A6801 /* Copy Carthage Frameworks */ = {
			isa = PBXShellScriptBuildPhase;
			buildActionMask = 2147483647;
			files = (
			);
			inputPaths = (
				FBSnapshotTestCase.framework,
			);
			name = "Copy Carthage Frameworks";
			outputPaths = (
			);
			runOnlyForDeploymentPostprocessing = 0;
			shellPath = /bin/sh;
			shellScript = " exec \"${SRCROOT}/scripts/copy-carthage-frameworks.sh\"";
		};
		D6BF00523905132F162A7710 /* Build Dependencies */ = {
			isa = PBXShellScriptBuildPhase;
			buildActionMask = 2147483647;
			files = (
			);
			name = "Build Dependencies";
			outputPaths = (
			);
			runOnlyForDeploymentPostprocessing = 0;
			shellPath = /bin/sh;
			shellScript = "exec \"${SRCROOT}/scripts/build-dependencies.sh\"";
		};
/* End PBXShellScriptBuildPhase section */

/* Begin PBXSourcesBuildPhase section */
		B5996DB2D9B6F0DB0E9D3F3E /* Sources */ = {
			isa = PBXSourcesBuildPhase;
			buildActionMask = 2147483647;
			files = (
				32DF8D9F287D541900E370AF /* ComponentBase.swift in Sources */,
				32DF8D4B287D541800E370AF /* DataApproximator+N.swift in Sources */,
				32DF8D7B287D541900E370AF /* BubbleChartView.swift in Sources */,
				32DF8DC6287D541900E370AF /* IRadarChartDataSet.swift in Sources */,
				32DF8D80287D541900E370AF /* ChartAnimationEasing.swift in Sources */,
				32DF8D8C287D541900E370AF /* ViewPortHandler.swift in Sources */,
				32DF8DBA287D541900E370AF /* ScatterChartData.swift in Sources */,
				32DF8D70287D541900E370AF /* Range.swift in Sources */,
				32DF8D87287D541900E370AF /* IFillFormatter.swift in Sources */,
				32DF8D5E287D541800E370AF /* IShapeRenderer.swift in Sources */,
				32DF8D64287D541900E370AF /* HorizontalBarChartRenderer.swift in Sources */,
				32DF8DC0287D541900E370AF /* BarChartData.swift in Sources */,
				32DF8DD0287D541900E370AF /* CandleChartDataProvider.swift in Sources */,
				32DF8D8E287D541900E370AF /* Platform+Graphics.swift in Sources */,
				32DF8DCD287D541900E370AF /* IBarLineScatterCandleBubbleChartDataSet.swift in Sources */,
				32DF8DA9287D541900E370AF /* RadarChartDataEntry.swift in Sources */,
				32DF8D9A287D541900E370AF /* YAxis.swift in Sources */,
				32DF8D98287D541900E370AF /* Legend.swift in Sources */,
				32DF8D83287D541900E370AF /* DefaultFillFormatter.swift in Sources */,
				32DF8DD4287D541900E370AF /* ScatterChartDataProvider.swift in Sources */,
				32DF8DA2287D541900E370AF /* MoveViewJob.swift in Sources */,
				32DF8D7F287D541900E370AF /* PieChartView.swift in Sources */,
				32DF8D4C287D541800E370AF /* RadarChartRenderer.swift in Sources */,
				32DF8D55287D541800E370AF /* CombinedChartRenderer.swift in Sources */,
				32DF8D4A287D541800E370AF /* DataApproximator.swift in Sources */,
				32DF8D63287D541900E370AF /* XAxisRendererHorizontalBarChart.swift in Sources */,
				32DF8DD3287D541900E370AF /* BarLineScatterCandleBubbleChartDataProvider.swift in Sources */,
				32DF8D88287D541900E370AF /* IValueFormatter.swift in Sources */,
				32DF8DB7287D541900E370AF /* BubbleChartData.swift in Sources */,
				32DF8DB2287D541900E370AF /* BarLineScatterCandleBubbleChartData.swift in Sources */,
				32DF8D60287D541800E370AF /* CrossShapeRenderer.swift in Sources */,
				32DF8D5D287D541800E370AF /* ChevronDownShapeRenderer.swift in Sources */,
				32DF8DC1287D541900E370AF /* LineScatterCandleRadarChartDataSet.swift in Sources */,
				32DF8D81287D541900E370AF /* Animator.swift in Sources */,
				32DF8DBF287D541900E370AF /* RadarChartDataSet.swift in Sources */,
				32DF8D78287D541900E370AF /* CombinedChartView.swift in Sources */,
				32DF8D66287D541900E370AF /* YAxisRendererRadarChart.swift in Sources */,
				32DF8D91287D541900E370AF /* ChartColorTemplates.swift in Sources */,
				32DF8D57287D541800E370AF /* BarChartRenderer.swift in Sources */,
				32DF8DAB287D541900E370AF /* PieChartDataEntry.swift in Sources */,
				32DF8D53287D541800E370AF /* YAxisRenderer.swift in Sources */,
				32DF8D5C287D541800E370AF /* SquareShapeRenderer.swift in Sources */,
				32DF8D54287D541800E370AF /* ScatterChartRenderer.swift in Sources */,
				32DF8D58287D541800E370AF /* XAxisRenderer.swift in Sources */,
				32DF8D76287D541900E370AF /* BarLineChartViewBase.swift in Sources */,
				32DF8D4E287D541800E370AF /* YAxisRendererHorizontalBarChart.swift in Sources */,
				32DF8DC9287D541900E370AF /* IChartDataSet.swift in Sources */,
				32DF8DC3287D541900E370AF /* IPieChartDataSet.swift in Sources */,
				32DF8D5A287D541800E370AF /* BarLineScatterCandleBubbleRenderer.swift in Sources */,
				32DF8D6C287D541900E370AF /* Highlight.swift in Sources */,
				32DF8D5B287D541800E370AF /* XShapeRenderer.swift in Sources */,
				32DF8DBC287D541900E370AF /* CandleChartData.swift in Sources */,
				32DF8DCA287D541900E370AF /* ICandleChartDataSet.swift in Sources */,
				32DF8DBB287D541900E370AF /* PieChartData.swift in Sources */,
				32DF8D62287D541900E370AF /* ChevronUpShapeRenderer.swift in Sources */,
				32DF8DAC287D541900E370AF /* CandleChartDataEntry.swift in Sources */,
				32DF8D7A287D541900E370AF /* ChartViewBase.swift in Sources */,
				32DF8D74287D541900E370AF /* CandleStickChartView.swift in Sources */,
				32DF8DAA287D541900E370AF /* BarLineScatterCandleBubbleChartDataSet.swift in Sources */,
				32DF8DAD287D541900E370AF /* CombinedChartData.swift in Sources */,
				32DF8DCB287D541900E370AF /* ILineScatterCandleRadarChartDataSet.swift in Sources */,
				32DF8D96287D541900E370AF /* IMarker.swift in Sources */,
				32DF8D72287D541900E370AF /* IHighlighter.swift in Sources */,
				32DF8D4F287D541800E370AF /* BubbleChartRenderer.swift in Sources */,
				32DF8DCC287D541900E370AF /* IBubbleChartDataSet.swift in Sources */,
				32DF8DC5287D541900E370AF /* ILineChartDataSet.swift in Sources */,
				32DF8D9E287D541900E370AF /* MarkerView.swift in Sources */,
				32DF8D7E287D541900E370AF /* ScatterChartView.swift in Sources */,
				32DF8D4D287D541800E370AF /* LegendRenderer.swift in Sources */,
				32DF8D9C287D541900E370AF /* XAxis.swift in Sources */,
				32DF8DB3287D541900E370AF /* BubbleChartDataEntry.swift in Sources */,
				32DF8D71287D541900E370AF /* ChartHighlighter.swift in Sources */,
				32DF8DBE287D541900E370AF /* BubbleChartDataSet.swift in Sources */,
				32DF8DB0287D541900E370AF /* CandleChartDataSet.swift in Sources */,
				32DF8DD5287D541900E370AF /* BubbleChartDataProvider.swift in Sources */,
				32DF8D8D287D541900E370AF /* Platform+Gestures.swift in Sources */,
				32DF8D51287D541800E370AF /* AxisRendererBase.swift in Sources */,
				32DF8D56287D541800E370AF /* CandleStickChartRenderer.swift in Sources */,
				32DF8D86287D541900E370AF /* IndexAxisValueFormatter.swift in Sources */,
				32DF8D77287D541900E370AF /* LineChartView.swift in Sources */,
				32DF8D8A287D541900E370AF /* Transformer.swift in Sources */,
				32DF8DD1287D541900E370AF /* CombinedChartDataProvider.swift in Sources */,
				32DF8D65287D541900E370AF /* XAxisRendererRadarChart.swift in Sources */,
				32DF8DA4287D541900E370AF /* AnimatedViewPortJob.swift in Sources */,
				32DF8D6E287D541900E370AF /* HorizontalBarHighlighter.swift in Sources */,
				32DF8DC2287D541900E370AF /* ChartBaseDataSet.swift in Sources */,
				32DF8DB5287D541900E370AF /* ChartDataEntry.swift in Sources */,
				32DF8DB1287D541900E370AF /* LineRadarChartDataSet.swift in Sources */,
				32DF8DCF287D541900E370AF /* ChartDataProvider.swift in Sources */,
				32DF8D97287D541900E370AF /* MarkerImage.swift in Sources */,
				32DF8DA7287D541900E370AF /* BarChartDataEntry.swift in Sources */,
				32DF8D68287D541900E370AF /* Renderer.swift in Sources */,
				32DF8D84287D541900E370AF /* DefaultValueFormatter.swift in Sources */,
				32DF8D92287D541900E370AF /* TransformerHorizontalBarChart.swift in Sources */,
				32DF8DA8287D541900E370AF /* BarChartDataSet.swift in Sources */,
				32DF8D8F287D541900E370AF /* Platform+Accessibility.swift in Sources */,
				32DF8D73287D541900E370AF /* CombinedHighlighter.swift in Sources */,
				32DF8D9B287D541900E370AF /* AxisBase.swift in Sources */,
				32DF8DA3287D541900E370AF /* ZoomViewJob.swift in Sources */,
				32DF8DC8287D541900E370AF /* ILineRadarChartDataSet.swift in Sources */,
				32DF8D75287D541900E370AF /* RadarChartView.swift in Sources */,
				32DF8D52287D541800E370AF /* ChartDataRendererBase.swift in Sources */,
				32DF8DCE287D541900E370AF /* BarChartDataProvider.swift in Sources */,
				32DF8D90287D541900E370AF /* Platform.swift in Sources */,
				32DF8D85287D541900E370AF /* DefaultAxisValueFormatter.swift in Sources */,
				32DF8DA1287D541900E370AF /* ViewPortJob.swift in Sources */,
				32DF8DA6287D541900E370AF /* ChartData.swift in Sources */,
				32DF8D95287D541900E370AF /* Description.swift in Sources */,
				32DF8D94287D541900E370AF /* ChartUtils.swift in Sources */,
				32DF8D50287D541800E370AF /* LineChartRenderer.swift in Sources */,
				32DF8DB9287D541900E370AF /* ScatterChartDataSet.swift in Sources */,
				32DF8D79287D541900E370AF /* HorizontalBarChartView.swift in Sources */,
				32DF8D61287D541800E370AF /* TriangleShapeRenderer.swift in Sources */,
				32DF8D8B287D541900E370AF /* Platform+Touch Handling.swift in Sources */,
				32DF8D82287D541900E370AF /* IAxisValueFormatter.swift in Sources */,
				32DF8D5F287D541800E370AF /* CircleShapeRenderer.swift in Sources */,
				32DF8DB4287D541900E370AF /* ChartDataEntryBase.swift in Sources */,
				32DF8DD2287D541900E370AF /* LineChartDataProvider.swift in Sources */,
				32DF8DB8287D541900E370AF /* ChartDataSet.swift in Sources */,
				32DF8DAF287D541900E370AF /* RadarChartData.swift in Sources */,
				32DF8DB6287D541900E370AF /* PieChartDataSet.swift in Sources */,
				32DF8DBD287D541900E370AF /* LineChartDataSet.swift in Sources */,
				32DF8DA5287D541900E370AF /* AnimatedMoveViewJob.swift in Sources */,
				32DF8D59287D541800E370AF /* LineRadarRenderer.swift in Sources */,
				32DF8DA0287D541900E370AF /* AnimatedZoomViewJob.swift in Sources */,
				32DF8D67287D541900E370AF /* PieChartRenderer.swift in Sources */,
				32DF8D9D287D541900E370AF /* ChartLimitLine.swift in Sources */,
				32DF8D89287D541900E370AF /* Fill.swift in Sources */,
				32DF8D6F287D541900E370AF /* PieRadarHighlighter.swift in Sources */,
				32DF8DC4287D541900E370AF /* IScatterChartDataSet.swift in Sources */,
				32DF8D6B287D541900E370AF /* RadarHighlighter.swift in Sources */,
				32DF8D69287D541900E370AF /* LineScatterCandleRadarRenderer.swift in Sources */,
				32DF8D6D287D541900E370AF /* PieHighlighter.swift in Sources */,
				32DF8D7D287D541900E370AF /* BarChartView.swift in Sources */,
				32DF8D7C287D541900E370AF /* PieRadarChartViewBase.swift in Sources */,
				32DF8D93287D541900E370AF /* Platform+Color.swift in Sources */,
				32DF8DC7287D541900E370AF /* IBarChartDataSet.swift in Sources */,
				32DF8DAE287D541900E370AF /* LineChartData.swift in Sources */,
				32DF8D99287D541900E370AF /* LegendEntry.swift in Sources */,
				32DF8D6A287D541900E370AF /* BarHighlighter.swift in Sources */,
			);
			runOnlyForDeploymentPostprocessing = 0;
		};
		E356A2384A2368AB3D2C7912 /* Sources */ = {
			isa = PBXSourcesBuildPhase;
			buildActionMask = 2147483647;
			files = (
				3B11556EB7DC034E2FC958E4 /* BarChartTests.swift in Sources */,
				8E1192F7A7152E9DA92C56A9 /* ChartUtilsTests.swift in Sources */,
				B6BF9A561F91993A00E62A5D /* CombinedChartTests.swift in Sources */,
				2BF85BEA981B359A65E9BF67 /* LineChartTests.swift in Sources */,
				B66817462241E3CC00017CF1 /* HorizontalBarChartTests.swift in Sources */,
				135F11CE20425AF600D655A3 /* PieChartTests.swift in Sources */,
				064989461F5C99C7006E8BB3 /* Snapshot.swift in Sources */,
				C03E6D8123DAAB2600083010 /* ChartDataTests.swift in Sources */,
				224EFF991FBAAC4700CF9B3B /* EquatableTests.swift in Sources */,
			);
			runOnlyForDeploymentPostprocessing = 0;
		};
/* End PBXSourcesBuildPhase section */

/* Begin PBXTargetDependency section */
		8676F8A013D87F9961E92465 /* PBXTargetDependency */ = {
			isa = PBXTargetDependency;
			name = Charts;
			target = A58A4ED274A941CA248EA921 /* Charts */;
			targetProxy = C2005F425A98942473657ED2 /* PBXContainerItemProxy */;
		};
/* End PBXTargetDependency section */

/* Begin XCBuildConfiguration section */
		0EF2164C35AB4D391B503317 /* Debug */ = {
			isa = XCBuildConfiguration;
			buildSettings = {
				APPLICATION_EXTENSION_API_ONLY = YES;
				COMBINE_HIDPI_IMAGES = YES;
				CURRENT_PROJECT_VERSION = 1;
				DEBUG_INFORMATION_FORMAT = dwarf;
				DEFINES_MODULE = YES;
				DYLIB_COMPATIBILITY_VERSION = 1;
				DYLIB_CURRENT_VERSION = 1;
				DYLIB_INSTALL_NAME_BASE = "@rpath";
				ENABLE_STRICT_OBJC_MSGSEND = YES;
				FRAMEWORK_VERSION = A;
				GCC_NO_COMMON_BLOCKS = YES;
				INFOPLIST_FILE = "Source/Supporting Files/Info.plist";
				INSTALL_PATH = "$(LOCAL_LIBRARY_DIR)/Frameworks";
				IPHONEOS_DEPLOYMENT_TARGET = 9.0;
				LD_RUNPATH_SEARCH_PATHS = "$(inherited) @executable_path/../Frameworks @loader_path/Frameworks";
				MACOSX_DEPLOYMENT_TARGET = 10.11;
				MARKETING_VERSION = 3.6.0;
				MTL_ENABLE_DEBUG_INFO = YES;
				PRODUCT_BUNDLE_IDENTIFIER = com.dcg.Charts;
				PRODUCT_NAME = "$(TARGET_NAME)";
				SDKROOT = macosx;
				SKIP_INSTALL = YES;
				SUPPORTED_PLATFORMS = "macosx iphoneos iphonesimulator appletvos appletvsimulator";
				SWIFT_ACTIVE_COMPILATION_CONDITIONS = DEBUG;
				SWIFT_OPTIMIZATION_LEVEL = "-Onone";
				SWIFT_VERSION = 5.0;
				TVOS_DEPLOYMENT_TARGET = 9.0;
				VERSIONING_SYSTEM = "apple-generic";
				VERSION_INFO_PREFIX = "";
			};
			name = Debug;
		};
		4DD0BFDA94D4BC68192A1895 /* Debug */ = {
			isa = XCBuildConfiguration;
			buildSettings = {
				APPLICATION_EXTENSION_API_ONLY = NO;
				DEBUG_INFORMATION_FORMAT = dwarf;
				ENABLE_STRICT_OBJC_MSGSEND = YES;
				"FRAMEWORK_SEARCH_PATHS[sdk=appletv*]" = (
					"$(SRCROOT)/Carthage/Build/tvOS/",
					"$(inherited)",
				);
				"FRAMEWORK_SEARCH_PATHS[sdk=iphone*]" = (
					"$(SRCROOT)/Carthage/Build/iOS/",
					"$(inherited)",
				);
				GCC_NO_COMMON_BLOCKS = YES;
				INFOPLIST_FILE = "Tests/Supporting Files/Info.plist";
				IPHONEOS_DEPLOYMENT_TARGET = 9.0;
				LD_RUNPATH_SEARCH_PATHS = "$(inherited) @executable_path/Frameworks @loader_path/Frameworks";
				"LD_RUNPATH_SEARCH_PATHS[sdk=macosx*]" = "$(inherited) @executable_path/../Frameworks @loader_path/../Frameworks";
				MTL_ENABLE_DEBUG_INFO = YES;
				PRODUCT_BUNDLE_IDENTIFIER = com.dcg.ChartsTests;
				PRODUCT_NAME = "$(TARGET_NAME)";
				SDKROOT = macosx;
				SUPPORTED_PLATFORMS = "iphoneos iphonesimulator appletvos appletvsimulator";
				SWIFT_ACTIVE_COMPILATION_CONDITIONS = DEBUG;
				SWIFT_OPTIMIZATION_LEVEL = "-Onone";
				SWIFT_VERSION = 5.0;
				TVOS_DEPLOYMENT_TARGET = 9.0;
			};
			name = Debug;
		};
		A17F60813C38081A2F1803D4 /* Release */ = {
			isa = XCBuildConfiguration;
			buildSettings = {
				ALWAYS_SEARCH_USER_PATHS = NO;
				CLANG_ANALYZER_LOCALIZABILITY_NONLOCALIZED = YES;
				CLANG_ANALYZER_NONNULL = YES;
				CLANG_ANALYZER_NUMBER_OBJECT_CONVERSION = YES;
				CLANG_CXX_LANGUAGE_STANDARD = "gnu++0x";
				CLANG_CXX_LIBRARY = "libc++";
				CLANG_ENABLE_MODULES = YES;
				CLANG_ENABLE_OBJC_ARC = YES;
				CLANG_WARN_BLOCK_CAPTURE_AUTORELEASING = YES;
				CLANG_WARN_BOOL_CONVERSION = YES;
				CLANG_WARN_COMMA = YES;
				CLANG_WARN_CONSTANT_CONVERSION = YES;
				CLANG_WARN_DEPRECATED_OBJC_IMPLEMENTATIONS = YES;
				CLANG_WARN_DIRECT_OBJC_ISA_USAGE = YES;
				CLANG_WARN_DOCUMENTATION_COMMENTS = YES;
				CLANG_WARN_EMPTY_BODY = YES;
				CLANG_WARN_ENUM_CONVERSION = YES;
				CLANG_WARN_INFINITE_RECURSION = YES;
				CLANG_WARN_INT_CONVERSION = YES;
				CLANG_WARN_NON_LITERAL_NULL_CONVERSION = YES;
				CLANG_WARN_OBJC_IMPLICIT_RETAIN_SELF = YES;
				CLANG_WARN_OBJC_LITERAL_CONVERSION = YES;
				CLANG_WARN_OBJC_ROOT_CLASS = YES;
				CLANG_WARN_QUOTED_INCLUDE_IN_FRAMEWORK_HEADER = YES;
				CLANG_WARN_RANGE_LOOP_ANALYSIS = YES;
				CLANG_WARN_STRICT_PROTOTYPES = YES;
				CLANG_WARN_SUSPICIOUS_MOVE = YES;
				CLANG_WARN_UNREACHABLE_CODE = YES;
				CLANG_WARN__DUPLICATE_METHOD_MATCH = YES;
				CODE_SIGN_IDENTITY = "";
				COMBINE_HIDPI_IMAGES = YES;
				COPY_PHASE_STRIP = YES;
				ENABLE_NS_ASSERTIONS = NO;
				ENABLE_STRICT_OBJC_MSGSEND = YES;
				GCC_C_LANGUAGE_STANDARD = gnu99;
				GCC_NO_COMMON_BLOCKS = YES;
				GCC_WARN_64_TO_32_BIT_CONVERSION = YES;
				GCC_WARN_ABOUT_RETURN_TYPE = YES;
				GCC_WARN_UNDECLARED_SELECTOR = YES;
				GCC_WARN_UNINITIALIZED_AUTOS = YES;
				GCC_WARN_UNUSED_FUNCTION = YES;
				GCC_WARN_UNUSED_VARIABLE = YES;
				SDKROOT = macosx;
				SWIFT_OPTIMIZATION_LEVEL = "-Owholemodule";
				SWIFT_VERSION = 5.0;
				TARGETED_DEVICE_FAMILY = "1,2,3,4";
				VALIDATE_PRODUCT = YES;
			};
			name = Release;
		};
		C5C79E736CA16C93F421E934 /* Debug */ = {
			isa = XCBuildConfiguration;
			buildSettings = {
				ALWAYS_SEARCH_USER_PATHS = NO;
				CLANG_ANALYZER_LOCALIZABILITY_NONLOCALIZED = YES;
				CLANG_ANALYZER_NONNULL = YES;
				CLANG_ANALYZER_NUMBER_OBJECT_CONVERSION = YES;
				CLANG_CXX_LANGUAGE_STANDARD = "gnu++0x";
				CLANG_CXX_LIBRARY = "libc++";
				CLANG_ENABLE_MODULES = YES;
				CLANG_ENABLE_OBJC_ARC = YES;
				CLANG_WARN_BLOCK_CAPTURE_AUTORELEASING = YES;
				CLANG_WARN_BOOL_CONVERSION = YES;
				CLANG_WARN_COMMA = YES;
				CLANG_WARN_CONSTANT_CONVERSION = YES;
				CLANG_WARN_DEPRECATED_OBJC_IMPLEMENTATIONS = YES;
				CLANG_WARN_DIRECT_OBJC_ISA_USAGE = YES;
				CLANG_WARN_DOCUMENTATION_COMMENTS = YES;
				CLANG_WARN_EMPTY_BODY = YES;
				CLANG_WARN_ENUM_CONVERSION = YES;
				CLANG_WARN_INFINITE_RECURSION = YES;
				CLANG_WARN_INT_CONVERSION = YES;
				CLANG_WARN_NON_LITERAL_NULL_CONVERSION = YES;
				CLANG_WARN_OBJC_IMPLICIT_RETAIN_SELF = YES;
				CLANG_WARN_OBJC_LITERAL_CONVERSION = YES;
				CLANG_WARN_OBJC_ROOT_CLASS = YES;
				CLANG_WARN_QUOTED_INCLUDE_IN_FRAMEWORK_HEADER = YES;
				CLANG_WARN_RANGE_LOOP_ANALYSIS = YES;
				CLANG_WARN_STRICT_PROTOTYPES = YES;
				CLANG_WARN_SUSPICIOUS_MOVE = YES;
				CLANG_WARN_UNREACHABLE_CODE = YES;
				CLANG_WARN__DUPLICATE_METHOD_MATCH = YES;
				CODE_SIGN_IDENTITY = "";
				COMBINE_HIDPI_IMAGES = YES;
				COPY_PHASE_STRIP = NO;
				ENABLE_STRICT_OBJC_MSGSEND = YES;
				ENABLE_TESTABILITY = YES;
				GCC_C_LANGUAGE_STANDARD = gnu99;
				GCC_DYNAMIC_NO_PIC = NO;
				GCC_NO_COMMON_BLOCKS = YES;
				GCC_OPTIMIZATION_LEVEL = 0;
				GCC_PREPROCESSOR_DEFINITIONS = (
					"DEBUG=1",
					"$(inherited)",
				);
				GCC_SYMBOLS_PRIVATE_EXTERN = NO;
				GCC_WARN_64_TO_32_BIT_CONVERSION = YES;
				GCC_WARN_ABOUT_RETURN_TYPE = YES;
				GCC_WARN_UNDECLARED_SELECTOR = YES;
				GCC_WARN_UNINITIALIZED_AUTOS = YES;
				GCC_WARN_UNUSED_FUNCTION = YES;
				GCC_WARN_UNUSED_VARIABLE = YES;
				ONLY_ACTIVE_ARCH = YES;
				SDKROOT = macosx;
				SWIFT_OPTIMIZATION_LEVEL = "-Owholemodule";
				SWIFT_VERSION = 5.0;
				TARGETED_DEVICE_FAMILY = "1,2,3,4";
			};
			name = Debug;
		};
		D9365FBCFFEE9FCFC79EC4C7 /* Release */ = {
			isa = XCBuildConfiguration;
			buildSettings = {
				APPLICATION_EXTENSION_API_ONLY = YES;
				COMBINE_HIDPI_IMAGES = YES;
				CURRENT_PROJECT_VERSION = 1;
				DEBUG_INFORMATION_FORMAT = "dwarf-with-dsym";
				DEFINES_MODULE = YES;
				DYLIB_COMPATIBILITY_VERSION = 1;
				DYLIB_CURRENT_VERSION = 1;
				DYLIB_INSTALL_NAME_BASE = "@rpath";
				ENABLE_STRICT_OBJC_MSGSEND = YES;
				FRAMEWORK_VERSION = A;
				GCC_NO_COMMON_BLOCKS = YES;
				INFOPLIST_FILE = "Source/Supporting Files/Info.plist";
				INSTALL_PATH = "$(LOCAL_LIBRARY_DIR)/Frameworks";
				IPHONEOS_DEPLOYMENT_TARGET = 9.0;
				LD_RUNPATH_SEARCH_PATHS = "$(inherited) @executable_path/../Frameworks @loader_path/Frameworks";
				MACOSX_DEPLOYMENT_TARGET = 10.11;
				MARKETING_VERSION = 3.6.0;
				MTL_ENABLE_DEBUG_INFO = NO;
				PRODUCT_BUNDLE_IDENTIFIER = com.dcg.Charts;
				PRODUCT_NAME = "$(TARGET_NAME)";
				SDKROOT = macosx;
				SKIP_INSTALL = YES;
				SUPPORTED_PLATFORMS = "macosx iphoneos iphonesimulator appletvos appletvsimulator";
				SWIFT_OPTIMIZATION_LEVEL = "-Owholemodule";
				SWIFT_VERSION = 5.0;
				TVOS_DEPLOYMENT_TARGET = 9.0;
				VERSIONING_SYSTEM = "apple-generic";
				VERSION_INFO_PREFIX = "";
			};
			name = Release;
		};
		FA978B0A385680C0086D4D49 /* Release */ = {
			isa = XCBuildConfiguration;
			buildSettings = {
				APPLICATION_EXTENSION_API_ONLY = NO;
				DEBUG_INFORMATION_FORMAT = "dwarf-with-dsym";
				ENABLE_STRICT_OBJC_MSGSEND = YES;
				"FRAMEWORK_SEARCH_PATHS[sdk=appletv*]" = (
					"$(SRCROOT)/Carthage/Build/tvOS/",
					"$(inherited)",
				);
				"FRAMEWORK_SEARCH_PATHS[sdk=iphone*]" = (
					"$(SRCROOT)/Carthage/Build/iOS/",
					"$(inherited)",
				);
				GCC_NO_COMMON_BLOCKS = YES;
				INFOPLIST_FILE = "Tests/Supporting Files/Info.plist";
				IPHONEOS_DEPLOYMENT_TARGET = 9.0;
				LD_RUNPATH_SEARCH_PATHS = "$(inherited) @executable_path/Frameworks @loader_path/Frameworks";
				"LD_RUNPATH_SEARCH_PATHS[sdk=macosx*]" = "$(inherited) @executable_path/../Frameworks @loader_path/../Frameworks";
				MTL_ENABLE_DEBUG_INFO = NO;
				PRODUCT_BUNDLE_IDENTIFIER = com.dcg.ChartsTests;
				PRODUCT_NAME = "$(TARGET_NAME)";
				SDKROOT = macosx;
				SUPPORTED_PLATFORMS = "iphoneos iphonesimulator appletvos appletvsimulator";
				SWIFT_OPTIMIZATION_LEVEL = "-Owholemodule";
				SWIFT_VERSION = 5.0;
				TVOS_DEPLOYMENT_TARGET = 9.0;
			};
			name = Release;
		};
/* End XCBuildConfiguration section */

/* Begin XCConfigurationList section */
		493FF4FB1D40FC7C51DDDA6B /* Build configuration list for PBXProject "Charts" */ = {
			isa = XCConfigurationList;
			buildConfigurations = (
				C5C79E736CA16C93F421E934 /* Debug */,
				A17F60813C38081A2F1803D4 /* Release */,
			);
			defaultConfigurationIsVisible = 0;
			defaultConfigurationName = Release;
		};
		E61E9728E2BF9CC4048B13D5 /* Build configuration list for PBXNativeTarget "ChartsTests" */ = {
			isa = XCConfigurationList;
			buildConfigurations = (
				FA978B0A385680C0086D4D49 /* Release */,
				4DD0BFDA94D4BC68192A1895 /* Debug */,
			);
			defaultConfigurationIsVisible = 0;
			defaultConfigurationName = Release;
		};
		F1D4AA9E26EA32041FC0E3B6 /* Build configuration list for PBXNativeTarget "Charts" */ = {
			isa = XCConfigurationList;
			buildConfigurations = (
				D9365FBCFFEE9FCFC79EC4C7 /* Release */,
				0EF2164C35AB4D391B503317 /* Debug */,
			);
			defaultConfigurationIsVisible = 0;
			defaultConfigurationName = Release;
		};
/* End XCConfigurationList section */
	};
	rootObject = 193FC8DF32D250560C5F5D77 /* Project object */;
}
